// !$*UTF8*$!
{
	archiveVersion = 1;
	classes = {
	};
	objectVersion = 56;
	objects = {

/* Begin PBXBuildFile section */
		142294272A4C5BBC003D32D0 /* UserIcon.swift in Sources */ = {isa = PBXBuildFile; fileRef = 142294262A4C5BBC003D32D0 /* UserIcon.swift */; };
		142294292A4C5CA7003D32D0 /* TrendingSquareView.swift in Sources */ = {isa = PBXBuildFile; fileRef = 142294282A4C5CA7003D32D0 /* TrendingSquareView.swift */; };
		1422942B2A4C66B5003D32D0 /* RestaurantItemView.swift in Sources */ = {isa = PBXBuildFile; fileRef = 1422942A2A4C66B5003D32D0 /* RestaurantItemView.swift */; };
		1422942D2A4D9FF4003D32D0 /* TopRatedScreen.swift in Sources */ = {isa = PBXBuildFile; fileRef = 1422942C2A4D9FF4003D32D0 /* TopRatedScreen.swift */; };
		1422942F2A4DA79B003D32D0 /* TrendingRectangleView.swift in Sources */ = {isa = PBXBuildFile; fileRef = 1422942E2A4DA79B003D32D0 /* TrendingRectangleView.swift */; };
		142294312A4DAB7F003D32D0 /* RestaurantItemVerticalView.swift in Sources */ = {isa = PBXBuildFile; fileRef = 142294302A4DAB7F003D32D0 /* RestaurantItemVerticalView.swift */; };
		142294332A4E7462003D32D0 /* CategoryView.swift in Sources */ = {isa = PBXBuildFile; fileRef = 142294322A4E7462003D32D0 /* CategoryView.swift */; };
		142294352A4E793E003D32D0 /* HomeScreen.swift in Sources */ = {isa = PBXBuildFile; fileRef = 142294342A4E793E003D32D0 /* HomeScreen.swift */; };
		142294392A4EDBA8003D32D0 /* LongButtonWithIconView.swift in Sources */ = {isa = PBXBuildFile; fileRef = 142294382A4EDBA8003D32D0 /* LongButtonWithIconView.swift */; };
		1422943B2A4EDE2D003D32D0 /* RestaurantItemHorizontalView.swift in Sources */ = {isa = PBXBuildFile; fileRef = 1422943A2A4EDE2D003D32D0 /* RestaurantItemHorizontalView.swift */; };
		142294442A4EE838003D32D0 /* RestaurantListScreen.swift in Sources */ = {isa = PBXBuildFile; fileRef = 142294432A4EE838003D32D0 /* RestaurantListScreen.swift */; };
		142294462A4EE8EF003D32D0 /* SearchScreen.swift in Sources */ = {isa = PBXBuildFile; fileRef = 142294452A4EE8EF003D32D0 /* SearchScreen.swift */; };
		1422944A2A4F43E4003D32D0 /* MenuScreen.swift in Sources */ = {isa = PBXBuildFile; fileRef = 142294492A4F43E4003D32D0 /* MenuScreen.swift */; };
		1422944C2A4F46EC003D32D0 /* FoodCellView.swift in Sources */ = {isa = PBXBuildFile; fileRef = 1422944B2A4F46EC003D32D0 /* FoodCellView.swift */; };
		1422944E2A4F8728003D32D0 /* CustomPicker.swift in Sources */ = {isa = PBXBuildFile; fileRef = 1422944D2A4F8728003D32D0 /* CustomPicker.swift */; };
		142294512A4FB2D3003D32D0 /* Restaurant.swift in Sources */ = {isa = PBXBuildFile; fileRef = 142294502A4FB2D3003D32D0 /* Restaurant.swift */; };
		142294532A4FB3D7003D32D0 /* Category.swift in Sources */ = {isa = PBXBuildFile; fileRef = 142294522A4FB3D7003D32D0 /* Category.swift */; };
		142294552A4FB491003D32D0 /* Dish.swift in Sources */ = {isa = PBXBuildFile; fileRef = 142294542A4FB491003D32D0 /* Dish.swift */; };
		142294592A4FB589003D32D0 /* User.swift in Sources */ = {isa = PBXBuildFile; fileRef = 142294582A4FB589003D32D0 /* User.swift */; };
		1422945F2A5053D2003D32D0 /* UtilityService.swift in Sources */ = {isa = PBXBuildFile; fileRef = 1422945E2A5053D2003D32D0 /* UtilityService.swift */; };
		142294622A505C4E003D32D0 /* CategoryStore.swift in Sources */ = {isa = PBXBuildFile; fileRef = 142294612A505C4E003D32D0 /* CategoryStore.swift */; };
		142294642A50D610003D32D0 /* RestaurantService.swift in Sources */ = {isa = PBXBuildFile; fileRef = 142294632A50D610003D32D0 /* RestaurantService.swift */; };
		142294662A50D6BC003D32D0 /* CategoryListViewModel.swift in Sources */ = {isa = PBXBuildFile; fileRef = 142294652A50D6BC003D32D0 /* CategoryListViewModel.swift */; };
		142294682A50D81F003D32D0 /* CategoryListView.swift in Sources */ = {isa = PBXBuildFile; fileRef = 142294672A50D81F003D32D0 /* CategoryListView.swift */; };
		1422946A2A50D94E003D32D0 /* CategoryViewModel.swift in Sources */ = {isa = PBXBuildFile; fileRef = 142294692A50D94E003D32D0 /* CategoryViewModel.swift */; };
		1422946C2A5100C4003D32D0 /* RestaurantViewModel.swift in Sources */ = {isa = PBXBuildFile; fileRef = 1422946B2A5100C4003D32D0 /* RestaurantViewModel.swift */; };
		1422946E2A511E4C003D32D0 /* RestaurantListViewModel.swift in Sources */ = {isa = PBXBuildFile; fileRef = 1422946D2A511E4C003D32D0 /* RestaurantListViewModel.swift */; };
		142294702A51233E003D32D0 /* HorizontalRestaurantListView.swift in Sources */ = {isa = PBXBuildFile; fileRef = 1422946F2A51233E003D32D0 /* HorizontalRestaurantListView.swift */; };
		142294772A542511003D32D0 /* TrendingListViewModel.swift in Sources */ = {isa = PBXBuildFile; fileRef = 142294762A542511003D32D0 /* TrendingListViewModel.swift */; };
		142294792A5426E2003D32D0 /* CustomImage.swift in Sources */ = {isa = PBXBuildFile; fileRef = 142294782A5426E2003D32D0 /* CustomImage.swift */; };
		1422947B2A542C49003D32D0 /* TopRatedListView.swift in Sources */ = {isa = PBXBuildFile; fileRef = 1422947A2A542C49003D32D0 /* TopRatedListView.swift */; };
		1422947D2A542C8E003D32D0 /* TopRatedListViewModel.swift in Sources */ = {isa = PBXBuildFile; fileRef = 1422947C2A542C8E003D32D0 /* TopRatedListViewModel.swift */; };
		1422947F2A5431C4003D32D0 /* VerticalRestaurantListView.swift in Sources */ = {isa = PBXBuildFile; fileRef = 1422947E2A5431C4003D32D0 /* VerticalRestaurantListView.swift */; };
		142B0D882AC47B4C0045DFD3 /* RestaurantImagesScreen.swift in Sources */ = {isa = PBXBuildFile; fileRef = 142B0D872AC47B4C0045DFD3 /* RestaurantImagesScreen.swift */; };
		142B0D8A2AC48BF90045DFD3 /* RestaurantImageViewModel.swift in Sources */ = {isa = PBXBuildFile; fileRef = 142B0D892AC48BF90045DFD3 /* RestaurantImageViewModel.swift */; };
		144682F22A4758EB003BABBA /* LikeIcon.swift in Sources */ = {isa = PBXBuildFile; fileRef = 144682F12A4758EB003BABBA /* LikeIcon.swift */; };
		144682F62A4759C0003BABBA /* BannerView.swift in Sources */ = {isa = PBXBuildFile; fileRef = 144682F52A4759C0003BABBA /* BannerView.swift */; };
		144682FB2A47730F003BABBA /* RestaurantDetailsScreen.swift in Sources */ = {isa = PBXBuildFile; fileRef = 144682FA2A47730F003BABBA /* RestaurantDetailsScreen.swift */; };
		144682FD2A47739C003BABBA /* ContactInfoView.swift in Sources */ = {isa = PBXBuildFile; fileRef = 144682FC2A47739C003BABBA /* ContactInfoView.swift */; };
		144682FF2A4773DB003BABBA /* BigCircle.swift in Sources */ = {isa = PBXBuildFile; fileRef = 144682FE2A4773DB003BABBA /* BigCircle.swift */; };
		145566002A5E07EF00498E49 /* OrderedSlideInText.swift in Sources */ = {isa = PBXBuildFile; fileRef = 145565FF2A5E07EF00498E49 /* OrderedSlideInText.swift */; };
		145566292A630BCD00498E49 /* Reservation.swift in Sources */ = {isa = PBXBuildFile; fileRef = 145566282A630BCD00498E49 /* Reservation.swift */; };
		146858682AC4B671003747B8 /* ImageService.swift in Sources */ = {isa = PBXBuildFile; fileRef = 146858672AC4B671003747B8 /* ImageService.swift */; };
		1468586B2AC761F6003747B8 /* MapScreen.swift in Sources */ = {isa = PBXBuildFile; fileRef = 1468586A2AC761F6003747B8 /* MapScreen.swift */; };
		1468586D2AC76318003747B8 /* RestaurantAddress.swift in Sources */ = {isa = PBXBuildFile; fileRef = 1468586C2AC76318003747B8 /* RestaurantAddress.swift */; };
		149E06B62ABBE3C7005E6C6B /* HandleLogging.swift in Sources */ = {isa = PBXBuildFile; fileRef = 149E06B52ABBE3C7005E6C6B /* HandleLogging.swift */; };
		149E06B82ABBE6A5005E6C6B /* LikeIconDishViewModel.swift in Sources */ = {isa = PBXBuildFile; fileRef = 149E06B72ABBE6A5005E6C6B /* LikeIconDishViewModel.swift */; };
		14B0A70F2A4C53F0006BDE0A /* Color.swift in Sources */ = {isa = PBXBuildFile; fileRef = 14B0A70E2A4C53F0006BDE0A /* Color.swift */; };
		14B61BEF2AA42F47005BA587 /* TrendingListView.swift in Sources */ = {isa = PBXBuildFile; fileRef = 14B61BEE2AA42F47005BA587 /* TrendingListView.swift */; };
		14BB01222A47554E00928C38 /* NearRestaurantApp.swift in Sources */ = {isa = PBXBuildFile; fileRef = 14BB01212A47554E00928C38 /* NearRestaurantApp.swift */; };
		14BB01242A47554E00928C38 /* ContentView.swift in Sources */ = {isa = PBXBuildFile; fileRef = 14BB01232A47554E00928C38 /* ContentView.swift */; };
		14BB01262A47554F00928C38 /* Assets.xcassets in Resources */ = {isa = PBXBuildFile; fileRef = 14BB01252A47554F00928C38 /* Assets.xcassets */; };
		14BB01292A47554F00928C38 /* Preview Assets.xcassets in Resources */ = {isa = PBXBuildFile; fileRef = 14BB01282A47554F00928C38 /* Preview Assets.xcassets */; };
		14BB01312A4755AC00928C38 /* InfoTag.swift in Sources */ = {isa = PBXBuildFile; fileRef = 14BB01302A4755AC00928C38 /* InfoTag.swift */; };
		14E6AB3D2AB6990F00A60821 /* SearchField.swift in Sources */ = {isa = PBXBuildFile; fileRef = 14E6AB3C2AB6990F00A60821 /* SearchField.swift */; };
		14F4283E2A8DFB3F0064CCD0 /* ReservationFormValidatorTests.swift in Sources */ = {isa = PBXBuildFile; fileRef = 1455662A2A630C8300498E49 /* ReservationFormValidatorTests.swift */; };
		14F4283F2A8DFB3F0064CCD0 /* MockUrlSession.swift in Sources */ = {isa = PBXBuildFile; fileRef = 145566312A64DC4100498E49 /* MockUrlSession.swift */; };
		14F75CDE2AA7C3820002D5FE /* SetRestaurantFavouriteProtocolImp.swift in Sources */ = {isa = PBXBuildFile; fileRef = 14F75CDD2AA7C3820002D5FE /* SetRestaurantFavouriteProtocolImp.swift */; };
		14F75CE12AA7C7110002D5FE /* testCategoryService.swift in Sources */ = {isa = PBXBuildFile; fileRef = 1455662D2A64D83200498E49 /* testCategoryService.swift */; };
		14F75CE42AA822DF0002D5FE /* RequestResponse.swift in Sources */ = {isa = PBXBuildFile; fileRef = 14F75CE32AA822DF0002D5FE /* RequestResponse.swift */; };
		BFD5227A855D8B9D8066F9B3 /* Pods_NearRestaurant.framework in Frameworks */ = {isa = PBXBuildFile; fileRef = 8E0E52A3A2398D56B2AC586F /* Pods_NearRestaurant.framework */; };
		C5664C6A8688E57D3AFAD24D /* Pods_NearRestaurantTests.framework in Frameworks */ = {isa = PBXBuildFile; fileRef = B684B6285B13C63DBF953FBF /* Pods_NearRestaurantTests.framework */; };
/* End PBXBuildFile section */

/* Begin PBXContainerItemProxy section */
		14F428392A8DFB060064CCD0 /* PBXContainerItemProxy */ = {
			isa = PBXContainerItemProxy;
			containerPortal = 14BB01162A47554E00928C38 /* Project object */;
			proxyType = 1;
			remoteGlobalIDString = 14BB011D2A47554E00928C38;
			remoteInfo = NearRestaurant;
		};
/* End PBXContainerItemProxy section */

/* Begin PBXFileReference section */
		142294262A4C5BBC003D32D0 /* UserIcon.swift */ = {isa = PBXFileReference; lastKnownFileType = sourcecode.swift; path = UserIcon.swift; sourceTree = "<group>"; };
		142294282A4C5CA7003D32D0 /* TrendingSquareView.swift */ = {isa = PBXFileReference; lastKnownFileType = sourcecode.swift; path = TrendingSquareView.swift; sourceTree = "<group>"; };
		1422942A2A4C66B5003D32D0 /* RestaurantItemView.swift */ = {isa = PBXFileReference; lastKnownFileType = sourcecode.swift; path = RestaurantItemView.swift; sourceTree = "<group>"; };
		1422942C2A4D9FF4003D32D0 /* TopRatedScreen.swift */ = {isa = PBXFileReference; lastKnownFileType = sourcecode.swift; path = TopRatedScreen.swift; sourceTree = "<group>"; };
		1422942E2A4DA79B003D32D0 /* TrendingRectangleView.swift */ = {isa = PBXFileReference; lastKnownFileType = sourcecode.swift; path = TrendingRectangleView.swift; sourceTree = "<group>"; };
		142294302A4DAB7F003D32D0 /* RestaurantItemVerticalView.swift */ = {isa = PBXFileReference; lastKnownFileType = sourcecode.swift; path = RestaurantItemVerticalView.swift; sourceTree = "<group>"; };
		142294322A4E7462003D32D0 /* CategoryView.swift */ = {isa = PBXFileReference; lastKnownFileType = sourcecode.swift; path = CategoryView.swift; sourceTree = "<group>"; };
		142294342A4E793E003D32D0 /* HomeScreen.swift */ = {isa = PBXFileReference; lastKnownFileType = sourcecode.swift; path = HomeScreen.swift; sourceTree = "<group>"; };
		142294382A4EDBA8003D32D0 /* LongButtonWithIconView.swift */ = {isa = PBXFileReference; lastKnownFileType = sourcecode.swift; path = LongButtonWithIconView.swift; sourceTree = "<group>"; };
		1422943A2A4EDE2D003D32D0 /* RestaurantItemHorizontalView.swift */ = {isa = PBXFileReference; lastKnownFileType = sourcecode.swift; path = RestaurantItemHorizontalView.swift; sourceTree = "<group>"; };
		142294432A4EE838003D32D0 /* RestaurantListScreen.swift */ = {isa = PBXFileReference; lastKnownFileType = sourcecode.swift; path = RestaurantListScreen.swift; sourceTree = "<group>"; };
		142294452A4EE8EF003D32D0 /* SearchScreen.swift */ = {isa = PBXFileReference; lastKnownFileType = sourcecode.swift; path = SearchScreen.swift; sourceTree = "<group>"; };
		142294492A4F43E4003D32D0 /* MenuScreen.swift */ = {isa = PBXFileReference; lastKnownFileType = sourcecode.swift; path = MenuScreen.swift; sourceTree = "<group>"; };
		1422944B2A4F46EC003D32D0 /* FoodCellView.swift */ = {isa = PBXFileReference; lastKnownFileType = sourcecode.swift; path = FoodCellView.swift; sourceTree = "<group>"; };
		1422944D2A4F8728003D32D0 /* CustomPicker.swift */ = {isa = PBXFileReference; lastKnownFileType = sourcecode.swift; path = CustomPicker.swift; sourceTree = "<group>"; };
		142294502A4FB2D3003D32D0 /* Restaurant.swift */ = {isa = PBXFileReference; lastKnownFileType = sourcecode.swift; path = Restaurant.swift; sourceTree = "<group>"; };
		142294522A4FB3D7003D32D0 /* Category.swift */ = {isa = PBXFileReference; lastKnownFileType = sourcecode.swift; path = Category.swift; sourceTree = "<group>"; };
		142294542A4FB491003D32D0 /* Dish.swift */ = {isa = PBXFileReference; lastKnownFileType = sourcecode.swift; path = Dish.swift; sourceTree = "<group>"; };
		142294582A4FB589003D32D0 /* User.swift */ = {isa = PBXFileReference; lastKnownFileType = sourcecode.swift; path = User.swift; sourceTree = "<group>"; };
		1422945E2A5053D2003D32D0 /* UtilityService.swift */ = {isa = PBXFileReference; lastKnownFileType = sourcecode.swift; path = UtilityService.swift; sourceTree = "<group>"; };
		142294612A505C4E003D32D0 /* CategoryStore.swift */ = {isa = PBXFileReference; lastKnownFileType = sourcecode.swift; path = CategoryStore.swift; sourceTree = "<group>"; };
		142294632A50D610003D32D0 /* RestaurantService.swift */ = {isa = PBXFileReference; lastKnownFileType = sourcecode.swift; path = RestaurantService.swift; sourceTree = "<group>"; };
		142294652A50D6BC003D32D0 /* CategoryListViewModel.swift */ = {isa = PBXFileReference; lastKnownFileType = sourcecode.swift; path = CategoryListViewModel.swift; sourceTree = "<group>"; };
		142294672A50D81F003D32D0 /* CategoryListView.swift */ = {isa = PBXFileReference; lastKnownFileType = sourcecode.swift; path = CategoryListView.swift; sourceTree = "<group>"; };
		142294692A50D94E003D32D0 /* CategoryViewModel.swift */ = {isa = PBXFileReference; lastKnownFileType = sourcecode.swift; path = CategoryViewModel.swift; sourceTree = "<group>"; };
		1422946B2A5100C4003D32D0 /* RestaurantViewModel.swift */ = {isa = PBXFileReference; lastKnownFileType = sourcecode.swift; path = RestaurantViewModel.swift; sourceTree = "<group>"; };
		1422946D2A511E4C003D32D0 /* RestaurantListViewModel.swift */ = {isa = PBXFileReference; lastKnownFileType = sourcecode.swift; path = RestaurantListViewModel.swift; sourceTree = "<group>"; };
		1422946F2A51233E003D32D0 /* HorizontalRestaurantListView.swift */ = {isa = PBXFileReference; lastKnownFileType = sourcecode.swift; path = HorizontalRestaurantListView.swift; sourceTree = "<group>"; };
		142294762A542511003D32D0 /* TrendingListViewModel.swift */ = {isa = PBXFileReference; lastKnownFileType = sourcecode.swift; path = TrendingListViewModel.swift; sourceTree = "<group>"; };
		142294782A5426E2003D32D0 /* CustomImage.swift */ = {isa = PBXFileReference; lastKnownFileType = sourcecode.swift; path = CustomImage.swift; sourceTree = "<group>"; };
		1422947A2A542C49003D32D0 /* TopRatedListView.swift */ = {isa = PBXFileReference; lastKnownFileType = sourcecode.swift; path = TopRatedListView.swift; sourceTree = "<group>"; };
		1422947C2A542C8E003D32D0 /* TopRatedListViewModel.swift */ = {isa = PBXFileReference; lastKnownFileType = sourcecode.swift; path = TopRatedListViewModel.swift; sourceTree = "<group>"; };
		1422947E2A5431C4003D32D0 /* VerticalRestaurantListView.swift */ = {isa = PBXFileReference; lastKnownFileType = sourcecode.swift; path = VerticalRestaurantListView.swift; sourceTree = "<group>"; };
		142B0D872AC47B4C0045DFD3 /* RestaurantImagesScreen.swift */ = {isa = PBXFileReference; lastKnownFileType = sourcecode.swift; path = RestaurantImagesScreen.swift; sourceTree = "<group>"; };
		142B0D892AC48BF90045DFD3 /* RestaurantImageViewModel.swift */ = {isa = PBXFileReference; lastKnownFileType = sourcecode.swift; path = RestaurantImageViewModel.swift; sourceTree = "<group>"; };
		144682F12A4758EB003BABBA /* LikeIcon.swift */ = {isa = PBXFileReference; lastKnownFileType = sourcecode.swift; path = LikeIcon.swift; sourceTree = "<group>"; };
		144682F52A4759C0003BABBA /* BannerView.swift */ = {isa = PBXFileReference; lastKnownFileType = sourcecode.swift; path = BannerView.swift; sourceTree = "<group>"; };
		144682FA2A47730F003BABBA /* RestaurantDetailsScreen.swift */ = {isa = PBXFileReference; lastKnownFileType = sourcecode.swift; path = RestaurantDetailsScreen.swift; sourceTree = "<group>"; };
		144682FC2A47739C003BABBA /* ContactInfoView.swift */ = {isa = PBXFileReference; lastKnownFileType = sourcecode.swift; path = ContactInfoView.swift; sourceTree = "<group>"; };
		144682FE2A4773DB003BABBA /* BigCircle.swift */ = {isa = PBXFileReference; lastKnownFileType = sourcecode.swift; path = BigCircle.swift; sourceTree = "<group>"; };
		145565FF2A5E07EF00498E49 /* OrderedSlideInText.swift */ = {isa = PBXFileReference; lastKnownFileType = sourcecode.swift; path = OrderedSlideInText.swift; sourceTree = "<group>"; };
		145566282A630BCD00498E49 /* Reservation.swift */ = {isa = PBXFileReference; lastKnownFileType = sourcecode.swift; path = Reservation.swift; sourceTree = "<group>"; };
		1455662A2A630C8300498E49 /* ReservationFormValidatorTests.swift */ = {isa = PBXFileReference; lastKnownFileType = sourcecode.swift; path = ReservationFormValidatorTests.swift; sourceTree = "<group>"; };
		1455662D2A64D83200498E49 /* testCategoryService.swift */ = {isa = PBXFileReference; lastKnownFileType = sourcecode.swift; path = testCategoryService.swift; sourceTree = "<group>"; };
		145566312A64DC4100498E49 /* MockUrlSession.swift */ = {isa = PBXFileReference; lastKnownFileType = sourcecode.swift; path = MockUrlSession.swift; sourceTree = "<group>"; };
		146858672AC4B671003747B8 /* ImageService.swift */ = {isa = PBXFileReference; lastKnownFileType = sourcecode.swift; path = ImageService.swift; sourceTree = "<group>"; };
		1468586A2AC761F6003747B8 /* MapScreen.swift */ = {isa = PBXFileReference; lastKnownFileType = sourcecode.swift; path = MapScreen.swift; sourceTree = "<group>"; };
		1468586C2AC76318003747B8 /* RestaurantAddress.swift */ = {isa = PBXFileReference; lastKnownFileType = sourcecode.swift; path = RestaurantAddress.swift; sourceTree = "<group>"; };
		149E06B52ABBE3C7005E6C6B /* HandleLogging.swift */ = {isa = PBXFileReference; lastKnownFileType = sourcecode.swift; path = HandleLogging.swift; sourceTree = "<group>"; };
		149E06B72ABBE6A5005E6C6B /* LikeIconDishViewModel.swift */ = {isa = PBXFileReference; lastKnownFileType = sourcecode.swift; path = LikeIconDishViewModel.swift; sourceTree = "<group>"; };
		14B0A70E2A4C53F0006BDE0A /* Color.swift */ = {isa = PBXFileReference; lastKnownFileType = sourcecode.swift; path = Color.swift; sourceTree = "<group>"; };
		14B61BEE2AA42F47005BA587 /* TrendingListView.swift */ = {isa = PBXFileReference; lastKnownFileType = sourcecode.swift; path = TrendingListView.swift; sourceTree = "<group>"; };
		14BB011E2A47554E00928C38 /* NearRestaurant.app */ = {isa = PBXFileReference; explicitFileType = wrapper.application; includeInIndex = 0; path = NearRestaurant.app; sourceTree = BUILT_PRODUCTS_DIR; };
		14BB01212A47554E00928C38 /* NearRestaurantApp.swift */ = {isa = PBXFileReference; lastKnownFileType = sourcecode.swift; path = NearRestaurantApp.swift; sourceTree = "<group>"; };
		14BB01232A47554E00928C38 /* ContentView.swift */ = {isa = PBXFileReference; lastKnownFileType = sourcecode.swift; path = ContentView.swift; sourceTree = "<group>"; };
		14BB01252A47554F00928C38 /* Assets.xcassets */ = {isa = PBXFileReference; lastKnownFileType = folder.assetcatalog; path = Assets.xcassets; sourceTree = "<group>"; };
		14BB01282A47554F00928C38 /* Preview Assets.xcassets */ = {isa = PBXFileReference; lastKnownFileType = folder.assetcatalog; path = "Preview Assets.xcassets"; sourceTree = "<group>"; };
		14BB01302A4755AC00928C38 /* InfoTag.swift */ = {isa = PBXFileReference; lastKnownFileType = sourcecode.swift; path = InfoTag.swift; sourceTree = "<group>"; };
		14E6AB3C2AB6990F00A60821 /* SearchField.swift */ = {isa = PBXFileReference; lastKnownFileType = sourcecode.swift; path = SearchField.swift; sourceTree = "<group>"; };
		14F428352A8DFB060064CCD0 /* NearRestaurantTests.xctest */ = {isa = PBXFileReference; explicitFileType = wrapper.cfbundle; includeInIndex = 0; path = NearRestaurantTests.xctest; sourceTree = BUILT_PRODUCTS_DIR; };
		14F75CDD2AA7C3820002D5FE /* SetRestaurantFavouriteProtocolImp.swift */ = {isa = PBXFileReference; lastKnownFileType = sourcecode.swift; path = SetRestaurantFavouriteProtocolImp.swift; sourceTree = "<group>"; };
		14F75CE32AA822DF0002D5FE /* RequestResponse.swift */ = {isa = PBXFileReference; lastKnownFileType = sourcecode.swift; path = RequestResponse.swift; sourceTree = "<group>"; };
		280D869D8BABA51AA38871EB /* Pods-NearRestaurantTests.release.xcconfig */ = {isa = PBXFileReference; includeInIndex = 1; lastKnownFileType = text.xcconfig; name = "Pods-NearRestaurantTests.release.xcconfig"; path = "Target Support Files/Pods-NearRestaurantTests/Pods-NearRestaurantTests.release.xcconfig"; sourceTree = "<group>"; };
		2DA8038A77BE8DC293170B21 /* Pods-NearRestaurant.release.xcconfig */ = {isa = PBXFileReference; includeInIndex = 1; lastKnownFileType = text.xcconfig; name = "Pods-NearRestaurant.release.xcconfig"; path = "Target Support Files/Pods-NearRestaurant/Pods-NearRestaurant.release.xcconfig"; sourceTree = "<group>"; };
		2F6FAF250974A35F333EFEEC /* Pods-NearRestaurantTests.debug.xcconfig */ = {isa = PBXFileReference; includeInIndex = 1; lastKnownFileType = text.xcconfig; name = "Pods-NearRestaurantTests.debug.xcconfig"; path = "Target Support Files/Pods-NearRestaurantTests/Pods-NearRestaurantTests.debug.xcconfig"; sourceTree = "<group>"; };
		8E0E52A3A2398D56B2AC586F /* Pods_NearRestaurant.framework */ = {isa = PBXFileReference; explicitFileType = wrapper.framework; includeInIndex = 0; path = Pods_NearRestaurant.framework; sourceTree = BUILT_PRODUCTS_DIR; };
		B684B6285B13C63DBF953FBF /* Pods_NearRestaurantTests.framework */ = {isa = PBXFileReference; explicitFileType = wrapper.framework; includeInIndex = 0; path = Pods_NearRestaurantTests.framework; sourceTree = BUILT_PRODUCTS_DIR; };
		C11184C70BF1AE6C2255BCDD /* Pods-NearRestaurant.debug.xcconfig */ = {isa = PBXFileReference; includeInIndex = 1; lastKnownFileType = text.xcconfig; name = "Pods-NearRestaurant.debug.xcconfig"; path = "Target Support Files/Pods-NearRestaurant/Pods-NearRestaurant.debug.xcconfig"; sourceTree = "<group>"; };
/* End PBXFileReference section */

/* Begin PBXFrameworksBuildPhase section */
		14BB011B2A47554E00928C38 /* Frameworks */ = {
			isa = PBXFrameworksBuildPhase;
			buildActionMask = 2147483647;
			files = (
				BFD5227A855D8B9D8066F9B3 /* Pods_NearRestaurant.framework in Frameworks */,
			);
			runOnlyForDeploymentPostprocessing = 0;
		};
		14F428322A8DFB060064CCD0 /* Frameworks */ = {
			isa = PBXFrameworksBuildPhase;
			buildActionMask = 2147483647;
			files = (
				C5664C6A8688E57D3AFAD24D /* Pods_NearRestaurantTests.framework in Frameworks */,
			);
			runOnlyForDeploymentPostprocessing = 0;
		};
/* End PBXFrameworksBuildPhase section */

/* Begin PBXGroup section */
		039C456A55633875A9BD75CA /* Pods */ = {
			isa = PBXGroup;
			children = (
				C11184C70BF1AE6C2255BCDD /* Pods-NearRestaurant.debug.xcconfig */,
				2DA8038A77BE8DC293170B21 /* Pods-NearRestaurant.release.xcconfig */,
				2F6FAF250974A35F333EFEEC /* Pods-NearRestaurantTests.debug.xcconfig */,
				280D869D8BABA51AA38871EB /* Pods-NearRestaurantTests.release.xcconfig */,
			);
			path = Pods;
			sourceTree = "<group>";
		};
		1422944F2A4FB2AC003D32D0 /* Models */ = {
			isa = PBXGroup;
			children = (
				142294502A4FB2D3003D32D0 /* Restaurant.swift */,
				142294522A4FB3D7003D32D0 /* Category.swift */,
				142294542A4FB491003D32D0 /* Dish.swift */,
				142294582A4FB589003D32D0 /* User.swift */,
				145566282A630BCD00498E49 /* Reservation.swift */,
				14F75CE32AA822DF0002D5FE /* RequestResponse.swift */,
			);
			path = Models;
			sourceTree = "<group>";
		};
		1422945A2A4FBB51003D32D0 /* Services */ = {
			isa = PBXGroup;
			children = (
				1422945E2A5053D2003D32D0 /* UtilityService.swift */,
				142294632A50D610003D32D0 /* RestaurantService.swift */,
				149E06B52ABBE3C7005E6C6B /* HandleLogging.swift */,
				146858672AC4B671003747B8 /* ImageService.swift */,
			);
			path = Services;
			sourceTree = "<group>";
		};
		1422945B2A4FBB59003D32D0 /* ViewModels */ = {
			isa = PBXGroup;
			children = (
				1422946B2A5100C4003D32D0 /* RestaurantViewModel.swift */,
			);
			path = ViewModels;
			sourceTree = "<group>";
		};
		142294602A505C2D003D32D0 /* GlobalStore */ = {
			isa = PBXGroup;
			children = (
				142294612A505C4E003D32D0 /* CategoryStore.swift */,
			);
			path = GlobalStore;
			sourceTree = "<group>";
		};
		142B0D862AC47B220045DFD3 /* ImagesScreen */ = {
			isa = PBXGroup;
			children = (
				142B0D872AC47B4C0045DFD3 /* RestaurantImagesScreen.swift */,
				142B0D892AC48BF90045DFD3 /* RestaurantImageViewModel.swift */,
			);
			path = ImagesScreen;
			sourceTree = "<group>";
		};
		144682F32A4758F5003BABBA /* components */ = {
			isa = PBXGroup;
			children = (
				1468586E2AC89B32003747B8 /* LikeIcon */,
			);
			path = components;
			sourceTree = "<group>";
		};
		144682F42A4758FA003BABBA /* icons */ = {
			isa = PBXGroup;
			children = (
				14BB01302A4755AC00928C38 /* InfoTag.swift */,
				144682FE2A4773DB003BABBA /* BigCircle.swift */,
				142294262A4C5BBC003D32D0 /* UserIcon.swift */,
				1422944D2A4F8728003D32D0 /* CustomPicker.swift */,
				142294782A5426E2003D32D0 /* CustomImage.swift */,
			);
			path = icons;
			sourceTree = "<group>";
		};
		145565FE2A5E07B700498E49 /* animation */ = {
			isa = PBXGroup;
			children = (
				145565FF2A5E07EF00498E49 /* OrderedSlideInText.swift */,
			);
			path = animation;
			sourceTree = "<group>";
		};
		1455662C2A64D81600498E49 /* Category */ = {
			isa = PBXGroup;
			children = (
				1455662D2A64D83200498E49 /* testCategoryService.swift */,
			);
			path = Category;
			sourceTree = "<group>";
		};
		146858692AC761C5003747B8 /* MapScreen */ = {
			isa = PBXGroup;
			children = (
				1468586A2AC761F6003747B8 /* MapScreen.swift */,
				1468586C2AC76318003747B8 /* RestaurantAddress.swift */,
			);
			path = MapScreen;
			sourceTree = "<group>";
		};
		1468586E2AC89B32003747B8 /* LikeIcon */ = {
			isa = PBXGroup;
			children = (
				144682F12A4758EB003BABBA /* LikeIcon.swift */,
				14F75CDD2AA7C3820002D5FE /* SetRestaurantFavouriteProtocolImp.swift */,
				149E06B72ABBE6A5005E6C6B /* LikeIconDishViewModel.swift */,
			);
			path = LikeIcon;
			sourceTree = "<group>";
		};
		14B0A70D2A4C4EF2006BDE0A /* Screens */ = {
			isa = PBXGroup;
			children = (
				142B0D862AC47B220045DFD3 /* ImagesScreen */,
				14B61BE92AA42C79005BA587 /* HomeScreen */,
				14B61BF72AA47B87005BA587 /* TopRatedScreen */,
				14B61BFB2AA47E27005BA587 /* RestaurantDetailsScreen */,
				14B61BFE2AA47FFD005BA587 /* RestaurantListScreen */,
				14B61C022AA481B5005BA587 /* SearchScreen */,
				14B61C012AA48176005BA587 /* MenuScreen */,
				146858692AC761C5003747B8 /* MapScreen */,
			);
			path = Screens;
			sourceTree = "<group>";
		};
		14B61BE92AA42C79005BA587 /* HomeScreen */ = {
			isa = PBXGroup;
			children = (
				142294342A4E793E003D32D0 /* HomeScreen.swift */,
				14B61BF42AA479D5005BA587 /* TrendingList */,
				14B61BF32AA479B3005BA587 /* CategoryList */,
				14B61BF22AA4798B005BA587 /* HorizontalRestaurantList */,
			);
			path = HomeScreen;
			sourceTree = "<group>";
		};
		14B61BF22AA4798B005BA587 /* HorizontalRestaurantList */ = {
			isa = PBXGroup;
			children = (
				14B61BFA2AA47D8C005BA587 /* RestaurantItemVertical */,
				1422946D2A511E4C003D32D0 /* RestaurantListViewModel.swift */,
				1422946F2A51233E003D32D0 /* HorizontalRestaurantListView.swift */,
			);
			path = HorizontalRestaurantList;
			sourceTree = "<group>";
		};
		14B61BF32AA479B3005BA587 /* CategoryList */ = {
			isa = PBXGroup;
			children = (
				14B61BFD2AA47F8A005BA587 /* Categories */,
				142294652A50D6BC003D32D0 /* CategoryListViewModel.swift */,
				142294672A50D81F003D32D0 /* CategoryListView.swift */,
			);
			path = CategoryList;
			sourceTree = "<group>";
		};
		14B61BF42AA479D5005BA587 /* TrendingList */ = {
			isa = PBXGroup;
			children = (
				14B61BF52AA47AE0005BA587 /* TrendingRectangle */,
				142294692A50D94E003D32D0 /* CategoryViewModel.swift */,
				142294762A542511003D32D0 /* TrendingListViewModel.swift */,
				14B61BEE2AA42F47005BA587 /* TrendingListView.swift */,
			);
			path = TrendingList;
			sourceTree = "<group>";
		};
		14B61BF52AA47AE0005BA587 /* TrendingRectangle */ = {
			isa = PBXGroup;
			children = (
				1422942E2A4DA79B003D32D0 /* TrendingRectangleView.swift */,
			);
			path = TrendingRectangle;
			sourceTree = "<group>";
		};
		14B61BF72AA47B87005BA587 /* TopRatedScreen */ = {
			isa = PBXGroup;
			children = (
				1422942C2A4D9FF4003D32D0 /* TopRatedScreen.swift */,
				14B61C042AA483BD005BA587 /* TrendingSquare */,
				14B61BF82AA47BC5005BA587 /* TopRatedList */,
			);
			path = TopRatedScreen;
			sourceTree = "<group>";
		};
		14B61BF82AA47BC5005BA587 /* TopRatedList */ = {
			isa = PBXGroup;
			children = (
				14B61BF92AA47C89005BA587 /* RestaurantItem */,
				1422947C2A542C8E003D32D0 /* TopRatedListViewModel.swift */,
				1422947A2A542C49003D32D0 /* TopRatedListView.swift */,
			);
			path = TopRatedList;
			sourceTree = "<group>";
		};
		14B61BF92AA47C89005BA587 /* RestaurantItem */ = {
			isa = PBXGroup;
			children = (
				1422942A2A4C66B5003D32D0 /* RestaurantItemView.swift */,
			);
			path = RestaurantItem;
			sourceTree = "<group>";
		};
		14B61BFA2AA47D8C005BA587 /* RestaurantItemVertical */ = {
			isa = PBXGroup;
			children = (
				142294302A4DAB7F003D32D0 /* RestaurantItemVerticalView.swift */,
			);
			path = RestaurantItemVertical;
			sourceTree = "<group>";
		};
		14B61BFB2AA47E27005BA587 /* RestaurantDetailsScreen */ = {
			isa = PBXGroup;
			children = (
				144682FA2A47730F003BABBA /* RestaurantDetailsScreen.swift */,
				14B61C052AA483DF005BA587 /* Banner */,
				14B61C062AA483EC005BA587 /* ContactInfo */,
			);
			path = RestaurantDetailsScreen;
			sourceTree = "<group>";
		};
		14B61BFD2AA47F8A005BA587 /* Categories */ = {
			isa = PBXGroup;
			children = (
				142294322A4E7462003D32D0 /* CategoryView.swift */,
			);
			path = Categories;
			sourceTree = "<group>";
		};
		14B61BFE2AA47FFD005BA587 /* RestaurantListScreen */ = {
			isa = PBXGroup;
			children = (
				142294432A4EE838003D32D0 /* RestaurantListScreen.swift */,
				14B61BFF2AA4802D005BA587 /* VerticalRestaurantList */,
			);
			path = RestaurantListScreen;
			sourceTree = "<group>";
		};
		14B61BFF2AA4802D005BA587 /* VerticalRestaurantList */ = {
			isa = PBXGroup;
			children = (
				14B61C032AA4829B005BA587 /* LongButtonWithIcon */,
				14B61C002AA480D0005BA587 /* RestaurantItemHorizontal */,
				1422947E2A5431C4003D32D0 /* VerticalRestaurantListView.swift */,
			);
			path = VerticalRestaurantList;
			sourceTree = "<group>";
		};
		14B61C002AA480D0005BA587 /* RestaurantItemHorizontal */ = {
			isa = PBXGroup;
			children = (
				1422943A2A4EDE2D003D32D0 /* RestaurantItemHorizontalView.swift */,
			);
			path = RestaurantItemHorizontal;
			sourceTree = "<group>";
		};
		14B61C012AA48176005BA587 /* MenuScreen */ = {
			isa = PBXGroup;
			children = (
				142294492A4F43E4003D32D0 /* MenuScreen.swift */,
				14B61C072AA4842F005BA587 /* FoodCell */,
			);
			path = MenuScreen;
			sourceTree = "<group>";
		};
		14B61C022AA481B5005BA587 /* SearchScreen */ = {
			isa = PBXGroup;
			children = (
				14E6AB3B2AB698F900A60821 /* SearchField */,
				142294452A4EE8EF003D32D0 /* SearchScreen.swift */,
			);
			path = SearchScreen;
			sourceTree = "<group>";
		};
		14B61C032AA4829B005BA587 /* LongButtonWithIcon */ = {
			isa = PBXGroup;
			children = (
				142294382A4EDBA8003D32D0 /* LongButtonWithIconView.swift */,
			);
			path = LongButtonWithIcon;
			sourceTree = "<group>";
		};
		14B61C042AA483BD005BA587 /* TrendingSquare */ = {
			isa = PBXGroup;
			children = (
				142294282A4C5CA7003D32D0 /* TrendingSquareView.swift */,
			);
			path = TrendingSquare;
			sourceTree = "<group>";
		};
		14B61C052AA483DF005BA587 /* Banner */ = {
			isa = PBXGroup;
			children = (
				144682F52A4759C0003BABBA /* BannerView.swift */,
			);
			path = Banner;
			sourceTree = "<group>";
		};
		14B61C062AA483EC005BA587 /* ContactInfo */ = {
			isa = PBXGroup;
			children = (
				144682FC2A47739C003BABBA /* ContactInfoView.swift */,
			);
			path = ContactInfo;
			sourceTree = "<group>";
		};
		14B61C072AA4842F005BA587 /* FoodCell */ = {
			isa = PBXGroup;
			children = (
				1422944B2A4F46EC003D32D0 /* FoodCellView.swift */,
			);
			path = FoodCell;
			sourceTree = "<group>";
		};
		14BB01152A47554E00928C38 = {
			isa = PBXGroup;
			children = (
				14BB01202A47554E00928C38 /* NearRestaurant */,
				14F428362A8DFB060064CCD0 /* NearRestaurantTests */,
				14BB011F2A47554E00928C38 /* Products */,
				039C456A55633875A9BD75CA /* Pods */,
				5D6A8416735FC2F9EB43F600 /* Frameworks */,
			);
			sourceTree = "<group>";
		};
		14BB011F2A47554E00928C38 /* Products */ = {
			isa = PBXGroup;
			children = (
				14BB011E2A47554E00928C38 /* NearRestaurant.app */,
				14F428352A8DFB060064CCD0 /* NearRestaurantTests.xctest */,
			);
			name = Products;
			sourceTree = "<group>";
		};
		14BB01202A47554E00928C38 /* NearRestaurant */ = {
			isa = PBXGroup;
			children = (
				142294602A505C2D003D32D0 /* GlobalStore */,
				1422945B2A4FBB59003D32D0 /* ViewModels */,
				1422945A2A4FBB51003D32D0 /* Services */,
				1422944F2A4FB2AC003D32D0 /* Models */,
				14BB012F2A47559100928C38 /* Views */,
				14BB01212A47554E00928C38 /* NearRestaurantApp.swift */,
				14BB01232A47554E00928C38 /* ContentView.swift */,
				14BB01252A47554F00928C38 /* Assets.xcassets */,
				14BB01272A47554F00928C38 /* Preview Content */,
			);
			path = NearRestaurant;
			sourceTree = "<group>";
		};
		14BB01272A47554F00928C38 /* Preview Content */ = {
			isa = PBXGroup;
			children = (
				14BB01282A47554F00928C38 /* Preview Assets.xcassets */,
			);
			path = "Preview Content";
			sourceTree = "<group>";
		};
		14BB012F2A47559100928C38 /* Views */ = {
			isa = PBXGroup;
			children = (
				145565FE2A5E07B700498E49 /* animation */,
				144682F42A4758FA003BABBA /* icons */,
				144682F32A4758F5003BABBA /* components */,
				14B0A70D2A4C4EF2006BDE0A /* Screens */,
				14B0A70E2A4C53F0006BDE0A /* Color.swift */,
			);
			path = Views;
			sourceTree = "<group>";
		};
		14E6AB3B2AB698F900A60821 /* SearchField */ = {
			isa = PBXGroup;
			children = (
				14E6AB3C2AB6990F00A60821 /* SearchField.swift */,
			);
			path = SearchField;
			sourceTree = "<group>";
		};
		14F428362A8DFB060064CCD0 /* NearRestaurantTests */ = {
			isa = PBXGroup;
			children = (
				145566312A64DC4100498E49 /* MockUrlSession.swift */,
				1455662A2A630C8300498E49 /* ReservationFormValidatorTests.swift */,
				1455662C2A64D81600498E49 /* Category */,
			);
			path = NearRestaurantTests;
			sourceTree = "<group>";
		};
		5D6A8416735FC2F9EB43F600 /* Frameworks */ = {
			isa = PBXGroup;
			children = (
				8E0E52A3A2398D56B2AC586F /* Pods_NearRestaurant.framework */,
				B684B6285B13C63DBF953FBF /* Pods_NearRestaurantTests.framework */,
			);
			name = Frameworks;
			sourceTree = "<group>";
		};
/* End PBXGroup section */

/* Begin PBXNativeTarget section */
		14BB011D2A47554E00928C38 /* NearRestaurant */ = {
			isa = PBXNativeTarget;
			buildConfigurationList = 14BB012C2A47554F00928C38 /* Build configuration list for PBXNativeTarget "NearRestaurant" */;
			buildPhases = (
				B86E9144054F6CC43182F9E7 /* [CP] Check Pods Manifest.lock */,
				14BB011A2A47554E00928C38 /* Sources */,
				14BB011B2A47554E00928C38 /* Frameworks */,
				14BB011C2A47554E00928C38 /* Resources */,
				447744ECFFBC1A8CC9E8CF00 /* [CP] Embed Pods Frameworks */,
			);
			buildRules = (
			);
			dependencies = (
			);
			name = NearRestaurant;
			productName = NearRestaurant;
			productReference = 14BB011E2A47554E00928C38 /* NearRestaurant.app */;
			productType = "com.apple.product-type.application";
		};
		14F428342A8DFB060064CCD0 /* NearRestaurantTests */ = {
			isa = PBXNativeTarget;
			buildConfigurationList = 14F4283B2A8DFB060064CCD0 /* Build configuration list for PBXNativeTarget "NearRestaurantTests" */;
			buildPhases = (
				A4B3DC12DB42BE8892B27993 /* [CP] Check Pods Manifest.lock */,
				14F428312A8DFB060064CCD0 /* Sources */,
				14F428322A8DFB060064CCD0 /* Frameworks */,
				14F428332A8DFB060064CCD0 /* Resources */,
			);
			buildRules = (
			);
			dependencies = (
				14F4283A2A8DFB060064CCD0 /* PBXTargetDependency */,
			);
			name = NearRestaurantTests;
			productName = NearRestaurantTests;
			productReference = 14F428352A8DFB060064CCD0 /* NearRestaurantTests.xctest */;
			productType = "com.apple.product-type.bundle.unit-test";
		};
/* End PBXNativeTarget section */

/* Begin PBXProject section */
		14BB01162A47554E00928C38 /* Project object */ = {
			isa = PBXProject;
			attributes = {
				BuildIndependentTargetsInParallel = 1;
				KnownAssetTags = (
					New,
				);
				LastSwiftUpdateCheck = 1420;
				LastUpgradeCheck = 1420;
				TargetAttributes = {
					14BB011D2A47554E00928C38 = {
						CreatedOnToolsVersion = 14.2;
					};
					14F428342A8DFB060064CCD0 = {
						CreatedOnToolsVersion = 14.2;
						TestTargetID = 14BB011D2A47554E00928C38;
					};
				};
			};
			buildConfigurationList = 14BB01192A47554E00928C38 /* Build configuration list for PBXProject "NearRestaurant" */;
			compatibilityVersion = "Xcode 14.0";
			developmentRegion = en;
			hasScannedForEncodings = 0;
			knownRegions = (
				en,
				Base,
			);
			mainGroup = 14BB01152A47554E00928C38;
			productRefGroup = 14BB011F2A47554E00928C38 /* Products */;
			projectDirPath = "";
			projectRoot = "";
			targets = (
				14BB011D2A47554E00928C38 /* NearRestaurant */,
				14F428342A8DFB060064CCD0 /* NearRestaurantTests */,
			);
		};
/* End PBXProject section */

/* Begin PBXResourcesBuildPhase section */
		14BB011C2A47554E00928C38 /* Resources */ = {
			isa = PBXResourcesBuildPhase;
			buildActionMask = 2147483647;
			files = (
				14BB01292A47554F00928C38 /* Preview Assets.xcassets in Resources */,
				14BB01262A47554F00928C38 /* Assets.xcassets in Resources */,
			);
			runOnlyForDeploymentPostprocessing = 0;
		};
		14F428332A8DFB060064CCD0 /* Resources */ = {
			isa = PBXResourcesBuildPhase;
			buildActionMask = 2147483647;
			files = (
			);
			runOnlyForDeploymentPostprocessing = 0;
		};
/* End PBXResourcesBuildPhase section */

/* Begin PBXShellScriptBuildPhase section */
		447744ECFFBC1A8CC9E8CF00 /* [CP] Embed Pods Frameworks */ = {
			isa = PBXShellScriptBuildPhase;
			buildActionMask = 2147483647;
			files = (
			);
			inputFileListPaths = (
				"${PODS_ROOT}/Target Support Files/Pods-NearRestaurant/Pods-NearRestaurant-frameworks-${CONFIGURATION}-input-files.xcfilelist",
			);
			name = "[CP] Embed Pods Frameworks";
			outputFileListPaths = (
				"${PODS_ROOT}/Target Support Files/Pods-NearRestaurant/Pods-NearRestaurant-frameworks-${CONFIGURATION}-output-files.xcfilelist",
			);
			runOnlyForDeploymentPostprocessing = 0;
			shellPath = /bin/sh;
			shellScript = "\"${PODS_ROOT}/Target Support Files/Pods-NearRestaurant/Pods-NearRestaurant-frameworks.sh\"\n";
			showEnvVarsInLog = 0;
		};
		A4B3DC12DB42BE8892B27993 /* [CP] Check Pods Manifest.lock */ = {
			isa = PBXShellScriptBuildPhase;
			buildActionMask = 2147483647;
			files = (
			);
			inputFileListPaths = (
			);
			inputPaths = (
				"${PODS_PODFILE_DIR_PATH}/Podfile.lock",
				"${PODS_ROOT}/Manifest.lock",
			);
			name = "[CP] Check Pods Manifest.lock";
			outputFileListPaths = (
			);
			outputPaths = (
				"$(DERIVED_FILE_DIR)/Pods-NearRestaurantTests-checkManifestLockResult.txt",
			);
			runOnlyForDeploymentPostprocessing = 0;
			shellPath = /bin/sh;
			shellScript = "diff \"${PODS_PODFILE_DIR_PATH}/Podfile.lock\" \"${PODS_ROOT}/Manifest.lock\" > /dev/null\nif [ $? != 0 ] ; then\n    # print error to STDERR\n    echo \"error: The sandbox is not in sync with the Podfile.lock. Run 'pod install' or update your CocoaPods installation.\" >&2\n    exit 1\nfi\n# This output is used by Xcode 'outputs' to avoid re-running this script phase.\necho \"SUCCESS\" > \"${SCRIPT_OUTPUT_FILE_0}\"\n";
			showEnvVarsInLog = 0;
		};
		B86E9144054F6CC43182F9E7 /* [CP] Check Pods Manifest.lock */ = {
			isa = PBXShellScriptBuildPhase;
			buildActionMask = 2147483647;
			files = (
			);
			inputFileListPaths = (
			);
			inputPaths = (
				"${PODS_PODFILE_DIR_PATH}/Podfile.lock",
				"${PODS_ROOT}/Manifest.lock",
			);
			name = "[CP] Check Pods Manifest.lock";
			outputFileListPaths = (
			);
			outputPaths = (
				"$(DERIVED_FILE_DIR)/Pods-NearRestaurant-checkManifestLockResult.txt",
			);
			runOnlyForDeploymentPostprocessing = 0;
			shellPath = /bin/sh;
			shellScript = "diff \"${PODS_PODFILE_DIR_PATH}/Podfile.lock\" \"${PODS_ROOT}/Manifest.lock\" > /dev/null\nif [ $? != 0 ] ; then\n    # print error to STDERR\n    echo \"error: The sandbox is not in sync with the Podfile.lock. Run 'pod install' or update your CocoaPods installation.\" >&2\n    exit 1\nfi\n# This output is used by Xcode 'outputs' to avoid re-running this script phase.\necho \"SUCCESS\" > \"${SCRIPT_OUTPUT_FILE_0}\"\n";
			showEnvVarsInLog = 0;
		};
/* End PBXShellScriptBuildPhase section */

/* Begin PBXSourcesBuildPhase section */
		14BB011A2A47554E00928C38 /* Sources */ = {
			isa = PBXSourcesBuildPhase;
			buildActionMask = 2147483647;
			files = (
				1422942B2A4C66B5003D32D0 /* RestaurantItemView.swift in Sources */,
				1422947D2A542C8E003D32D0 /* TopRatedListViewModel.swift in Sources */,
				142294292A4C5CA7003D32D0 /* TrendingSquareView.swift in Sources */,
				142294272A4C5BBC003D32D0 /* UserIcon.swift in Sources */,
				142294532A4FB3D7003D32D0 /* Category.swift in Sources */,
				145566002A5E07EF00498E49 /* OrderedSlideInText.swift in Sources */,
				14E6AB3D2AB6990F00A60821 /* SearchField.swift in Sources */,
				142294642A50D610003D32D0 /* RestaurantService.swift in Sources */,
				142294332A4E7462003D32D0 /* CategoryView.swift in Sources */,
				142294442A4EE838003D32D0 /* RestaurantListScreen.swift in Sources */,
				14BB01242A47554E00928C38 /* ContentView.swift in Sources */,
				14BB01222A47554E00928C38 /* NearRestaurantApp.swift in Sources */,
				149E06B82ABBE6A5005E6C6B /* LikeIconDishViewModel.swift in Sources */,
				1422944A2A4F43E4003D32D0 /* MenuScreen.swift in Sources */,
				142294352A4E793E003D32D0 /* HomeScreen.swift in Sources */,
				142294772A542511003D32D0 /* TrendingListViewModel.swift in Sources */,
				142294392A4EDBA8003D32D0 /* LongButtonWithIconView.swift in Sources */,
				1422942D2A4D9FF4003D32D0 /* TopRatedScreen.swift in Sources */,
				142294682A50D81F003D32D0 /* CategoryListView.swift in Sources */,
				1422947F2A5431C4003D32D0 /* VerticalRestaurantListView.swift in Sources */,
				142294622A505C4E003D32D0 /* CategoryStore.swift in Sources */,
				1422946C2A5100C4003D32D0 /* RestaurantViewModel.swift in Sources */,
				14B0A70F2A4C53F0006BDE0A /* Color.swift in Sources */,
				142B0D882AC47B4C0045DFD3 /* RestaurantImagesScreen.swift in Sources */,
				1422942F2A4DA79B003D32D0 /* TrendingRectangleView.swift in Sources */,
				1468586D2AC76318003747B8 /* RestaurantAddress.swift in Sources */,
				142B0D8A2AC48BF90045DFD3 /* RestaurantImageViewModel.swift in Sources */,
				1422947B2A542C49003D32D0 /* TopRatedListView.swift in Sources */,
				1422945F2A5053D2003D32D0 /* UtilityService.swift in Sources */,
				149E06B62ABBE3C7005E6C6B /* HandleLogging.swift in Sources */,
				146858682AC4B671003747B8 /* ImageService.swift in Sources */,
				145566292A630BCD00498E49 /* Reservation.swift in Sources */,
				1422944E2A4F8728003D32D0 /* CustomPicker.swift in Sources */,
				142294312A4DAB7F003D32D0 /* RestaurantItemVerticalView.swift in Sources */,
				1422946A2A50D94E003D32D0 /* CategoryViewModel.swift in Sources */,
				14F75CDE2AA7C3820002D5FE /* SetRestaurantFavouriteProtocolImp.swift in Sources */,
				142294702A51233E003D32D0 /* HorizontalRestaurantListView.swift in Sources */,
				144682F62A4759C0003BABBA /* BannerView.swift in Sources */,
				142294462A4EE8EF003D32D0 /* SearchScreen.swift in Sources */,
				14F75CE42AA822DF0002D5FE /* RequestResponse.swift in Sources */,
				142294512A4FB2D3003D32D0 /* Restaurant.swift in Sources */,
				14BB01312A4755AC00928C38 /* InfoTag.swift in Sources */,
				142294792A5426E2003D32D0 /* CustomImage.swift in Sources */,
				14B61BEF2AA42F47005BA587 /* TrendingListView.swift in Sources */,
				144682F22A4758EB003BABBA /* LikeIcon.swift in Sources */,
				142294592A4FB589003D32D0 /* User.swift in Sources */,
				142294552A4FB491003D32D0 /* Dish.swift in Sources */,
				144682FB2A47730F003BABBA /* RestaurantDetailsScreen.swift in Sources */,
				142294662A50D6BC003D32D0 /* CategoryListViewModel.swift in Sources */,
				1422943B2A4EDE2D003D32D0 /* RestaurantItemHorizontalView.swift in Sources */,
				144682FF2A4773DB003BABBA /* BigCircle.swift in Sources */,
				1422944C2A4F46EC003D32D0 /* FoodCellView.swift in Sources */,
				144682FD2A47739C003BABBA /* ContactInfoView.swift in Sources */,
				1422946E2A511E4C003D32D0 /* RestaurantListViewModel.swift in Sources */,
				1468586B2AC761F6003747B8 /* MapScreen.swift in Sources */,
			);
			runOnlyForDeploymentPostprocessing = 0;
		};
		14F428312A8DFB060064CCD0 /* Sources */ = {
			isa = PBXSourcesBuildPhase;
			buildActionMask = 2147483647;
			files = (
				14F4283F2A8DFB3F0064CCD0 /* MockUrlSession.swift in Sources */,
				14F4283E2A8DFB3F0064CCD0 /* ReservationFormValidatorTests.swift in Sources */,
				14F75CE12AA7C7110002D5FE /* testCategoryService.swift in Sources */,
			);
			runOnlyForDeploymentPostprocessing = 0;
		};
/* End PBXSourcesBuildPhase section */

/* Begin PBXTargetDependency section */
		14F4283A2A8DFB060064CCD0 /* PBXTargetDependency */ = {
			isa = PBXTargetDependency;
			target = 14BB011D2A47554E00928C38 /* NearRestaurant */;
			targetProxy = 14F428392A8DFB060064CCD0 /* PBXContainerItemProxy */;
		};
/* End PBXTargetDependency section */

/* Begin XCBuildConfiguration section */
		14BB012A2A47554F00928C38 /* Debug */ = {
			isa = XCBuildConfiguration;
			buildSettings = {
				ALWAYS_SEARCH_USER_PATHS = NO;
				CLANG_ANALYZER_NONNULL = YES;
				CLANG_ANALYZER_NUMBER_OBJECT_CONVERSION = YES_AGGRESSIVE;
				CLANG_CXX_LANGUAGE_STANDARD = "gnu++20";
				CLANG_ENABLE_CODE_COVERAGE = YES;
				CLANG_ENABLE_MODULES = YES;
				CLANG_ENABLE_OBJC_ARC = YES;
				CLANG_ENABLE_OBJC_WEAK = YES;
				CLANG_WARN_BLOCK_CAPTURE_AUTORELEASING = YES;
				CLANG_WARN_BOOL_CONVERSION = YES;
				CLANG_WARN_COMMA = YES;
				CLANG_WARN_CONSTANT_CONVERSION = YES;
				CLANG_WARN_DEPRECATED_OBJC_IMPLEMENTATIONS = YES;
				CLANG_WARN_DIRECT_OBJC_ISA_USAGE = YES_ERROR;
				CLANG_WARN_DOCUMENTATION_COMMENTS = YES;
				CLANG_WARN_EMPTY_BODY = YES;
				CLANG_WARN_ENUM_CONVERSION = YES;
				CLANG_WARN_INFINITE_RECURSION = YES;
				CLANG_WARN_INT_CONVERSION = YES;
				CLANG_WARN_NON_LITERAL_NULL_CONVERSION = YES;
				CLANG_WARN_OBJC_IMPLICIT_RETAIN_SELF = YES;
				CLANG_WARN_OBJC_LITERAL_CONVERSION = YES;
				CLANG_WARN_OBJC_ROOT_CLASS = YES_ERROR;
				CLANG_WARN_QUOTED_INCLUDE_IN_FRAMEWORK_HEADER = YES;
				CLANG_WARN_RANGE_LOOP_ANALYSIS = YES;
				CLANG_WARN_STRICT_PROTOTYPES = YES;
				CLANG_WARN_SUSPICIOUS_MOVE = YES;
				CLANG_WARN_UNGUARDED_AVAILABILITY = YES_AGGRESSIVE;
				CLANG_WARN_UNREACHABLE_CODE = YES;
				CLANG_WARN__DUPLICATE_METHOD_MATCH = YES;
				COPY_PHASE_STRIP = NO;
				DEBUG_INFORMATION_FORMAT = dwarf;
				ENABLE_STRICT_OBJC_MSGSEND = YES;
				ENABLE_TESTABILITY = YES;
				GCC_C_LANGUAGE_STANDARD = gnu11;
				GCC_DYNAMIC_NO_PIC = NO;
				GCC_GENERATE_TEST_COVERAGE_FILES = YES;
				GCC_NO_COMMON_BLOCKS = YES;
				GCC_OPTIMIZATION_LEVEL = 0;
				GCC_PREPROCESSOR_DEFINITIONS = (
					"DEBUG=1",
					"$(inherited)",
				);
				GCC_WARN_64_TO_32_BIT_CONVERSION = YES;
				GCC_WARN_ABOUT_RETURN_TYPE = YES_ERROR;
				GCC_WARN_UNDECLARED_SELECTOR = YES;
				GCC_WARN_UNINITIALIZED_AUTOS = YES_AGGRESSIVE;
				GCC_WARN_UNUSED_FUNCTION = YES;
				GCC_WARN_UNUSED_VARIABLE = YES;
				IPHONEOS_DEPLOYMENT_TARGET = 16.2;
				MTL_ENABLE_DEBUG_INFO = INCLUDE_SOURCE;
				MTL_FAST_MATH = YES;
				ONLY_ACTIVE_ARCH = YES;
				"OTHER_LDFLAGS[arch=*]" = "-fprofile-instr-generate";
				SDKROOT = iphoneos;
				SWIFT_ACTIVE_COMPILATION_CONDITIONS = DEBUG;
				SWIFT_OPTIMIZATION_LEVEL = "-Onone";
			};
			name = Debug;
		};
		14BB012B2A47554F00928C38 /* Release */ = {
			isa = XCBuildConfiguration;
			buildSettings = {
				ALWAYS_SEARCH_USER_PATHS = NO;
				CLANG_ANALYZER_NONNULL = YES;
				CLANG_ANALYZER_NUMBER_OBJECT_CONVERSION = YES_AGGRESSIVE;
				CLANG_CXX_LANGUAGE_STANDARD = "gnu++20";
				CLANG_ENABLE_CODE_COVERAGE = YES;
				CLANG_ENABLE_MODULES = YES;
				CLANG_ENABLE_OBJC_ARC = YES;
				CLANG_ENABLE_OBJC_WEAK = YES;
				CLANG_WARN_BLOCK_CAPTURE_AUTORELEASING = YES;
				CLANG_WARN_BOOL_CONVERSION = YES;
				CLANG_WARN_COMMA = YES;
				CLANG_WARN_CONSTANT_CONVERSION = YES;
				CLANG_WARN_DEPRECATED_OBJC_IMPLEMENTATIONS = YES;
				CLANG_WARN_DIRECT_OBJC_ISA_USAGE = YES_ERROR;
				CLANG_WARN_DOCUMENTATION_COMMENTS = YES;
				CLANG_WARN_EMPTY_BODY = YES;
				CLANG_WARN_ENUM_CONVERSION = YES;
				CLANG_WARN_INFINITE_RECURSION = YES;
				CLANG_WARN_INT_CONVERSION = YES;
				CLANG_WARN_NON_LITERAL_NULL_CONVERSION = YES;
				CLANG_WARN_OBJC_IMPLICIT_RETAIN_SELF = YES;
				CLANG_WARN_OBJC_LITERAL_CONVERSION = YES;
				CLANG_WARN_OBJC_ROOT_CLASS = YES_ERROR;
				CLANG_WARN_QUOTED_INCLUDE_IN_FRAMEWORK_HEADER = YES;
				CLANG_WARN_RANGE_LOOP_ANALYSIS = YES;
				CLANG_WARN_STRICT_PROTOTYPES = YES;
				CLANG_WARN_SUSPICIOUS_MOVE = YES;
				CLANG_WARN_UNGUARDED_AVAILABILITY = YES_AGGRESSIVE;
				CLANG_WARN_UNREACHABLE_CODE = YES;
				CLANG_WARN__DUPLICATE_METHOD_MATCH = YES;
				COPY_PHASE_STRIP = NO;
				DEBUG_INFORMATION_FORMAT = "dwarf-with-dsym";
				ENABLE_NS_ASSERTIONS = NO;
				ENABLE_STRICT_OBJC_MSGSEND = YES;
				GCC_C_LANGUAGE_STANDARD = gnu11;
				GCC_GENERATE_TEST_COVERAGE_FILES = YES;
				GCC_NO_COMMON_BLOCKS = YES;
				GCC_WARN_64_TO_32_BIT_CONVERSION = YES;
				GCC_WARN_ABOUT_RETURN_TYPE = YES_ERROR;
				GCC_WARN_UNDECLARED_SELECTOR = YES;
				GCC_WARN_UNINITIALIZED_AUTOS = YES_AGGRESSIVE;
				GCC_WARN_UNUSED_FUNCTION = YES;
				GCC_WARN_UNUSED_VARIABLE = YES;
				IPHONEOS_DEPLOYMENT_TARGET = 16.2;
				MTL_ENABLE_DEBUG_INFO = NO;
				MTL_FAST_MATH = YES;
				"OTHER_LDFLAGS[arch=*]" = "-fprofile-instr-generate";
				SDKROOT = iphoneos;
				SWIFT_COMPILATION_MODE = wholemodule;
				SWIFT_OPTIMIZATION_LEVEL = "-O";
				VALIDATE_PRODUCT = YES;
			};
			name = Release;
		};
		14BB012D2A47554F00928C38 /* Debug */ = {
			isa = XCBuildConfiguration;
			baseConfigurationReference = C11184C70BF1AE6C2255BCDD /* Pods-NearRestaurant.debug.xcconfig */;
			buildSettings = {
				ASSETCATALOG_COMPILER_APPICON_NAME = AppIcon;
				ASSETCATALOG_COMPILER_GLOBAL_ACCENT_COLOR_NAME = AccentColor;
				CODE_SIGN_STYLE = Automatic;
				CURRENT_PROJECT_VERSION = 1;
				DEVELOPMENT_ASSET_PATHS = "\"NearRestaurant/Preview Content\"";
				DEVELOPMENT_TEAM = Q247WY3MHA;
				ENABLE_PREVIEWS = YES;
				GENERATE_INFOPLIST_FILE = YES;
				INFOPLIST_KEY_UIApplicationSceneManifest_Generation = YES;
				INFOPLIST_KEY_UIApplicationSupportsIndirectInputEvents = YES;
				INFOPLIST_KEY_UILaunchScreen_Generation = YES;
				INFOPLIST_KEY_UISupportedInterfaceOrientations_iPad = "UIInterfaceOrientationPortrait UIInterfaceOrientationPortraitUpsideDown UIInterfaceOrientationLandscapeLeft UIInterfaceOrientationLandscapeRight";
				INFOPLIST_KEY_UISupportedInterfaceOrientations_iPhone = "UIInterfaceOrientationPortrait UIInterfaceOrientationLandscapeLeft UIInterfaceOrientationLandscapeRight";
				LD_RUNPATH_SEARCH_PATHS = (
					"$(inherited)",
					"@executable_path/Frameworks",
				);
				MARKETING_VERSION = 1.0;
				PRODUCT_BUNDLE_IDENTIFIER = com.salmdo.NearRestaurant;
				PRODUCT_NAME = "$(TARGET_NAME)";
				SWIFT_EMIT_LOC_STRINGS = YES;
				SWIFT_VERSION = 5.0;
				TARGETED_DEVICE_FAMILY = "1,2";
			};
			name = Debug;
		};
		14BB012E2A47554F00928C38 /* Release */ = {
			isa = XCBuildConfiguration;
			baseConfigurationReference = 2DA8038A77BE8DC293170B21 /* Pods-NearRestaurant.release.xcconfig */;
			buildSettings = {
				ASSETCATALOG_COMPILER_APPICON_NAME = AppIcon;
				ASSETCATALOG_COMPILER_GLOBAL_ACCENT_COLOR_NAME = AccentColor;
				CODE_SIGN_STYLE = Automatic;
				CURRENT_PROJECT_VERSION = 1;
				DEVELOPMENT_ASSET_PATHS = "\"NearRestaurant/Preview Content\"";
				DEVELOPMENT_TEAM = Q247WY3MHA;
				ENABLE_PREVIEWS = YES;
				GENERATE_INFOPLIST_FILE = YES;
				INFOPLIST_KEY_UIApplicationSceneManifest_Generation = YES;
				INFOPLIST_KEY_UIApplicationSupportsIndirectInputEvents = YES;
				INFOPLIST_KEY_UILaunchScreen_Generation = YES;
				INFOPLIST_KEY_UISupportedInterfaceOrientations_iPad = "UIInterfaceOrientationPortrait UIInterfaceOrientationPortraitUpsideDown UIInterfaceOrientationLandscapeLeft UIInterfaceOrientationLandscapeRight";
				INFOPLIST_KEY_UISupportedInterfaceOrientations_iPhone = "UIInterfaceOrientationPortrait UIInterfaceOrientationLandscapeLeft UIInterfaceOrientationLandscapeRight";
				LD_RUNPATH_SEARCH_PATHS = (
					"$(inherited)",
					"@executable_path/Frameworks",
				);
				MARKETING_VERSION = 1.0;
				PRODUCT_BUNDLE_IDENTIFIER = com.salmdo.NearRestaurant;
				PRODUCT_NAME = "$(TARGET_NAME)";
				SWIFT_EMIT_LOC_STRINGS = YES;
				SWIFT_VERSION = 5.0;
				TARGETED_DEVICE_FAMILY = "1,2";
			};
			name = Release;
		};
		14F4283C2A8DFB060064CCD0 /* Debug */ = {
			isa = XCBuildConfiguration;
			baseConfigurationReference = 2F6FAF250974A35F333EFEEC /* Pods-NearRestaurantTests.debug.xcconfig */;
			buildSettings = {
				BUNDLE_LOADER = "$(TEST_HOST)";
				CODE_SIGN_STYLE = Automatic;
				CURRENT_PROJECT_VERSION = 1;
				DEVELOPMENT_TEAM = Q247WY3MHA;
				GENERATE_INFOPLIST_FILE = YES;
				MARKETING_VERSION = 1.0;
				PRODUCT_BUNDLE_IDENTIFIER = com.salmdo.NearRestaurantTests;
				PRODUCT_NAME = "$(TARGET_NAME)";
				SWIFT_EMIT_LOC_STRINGS = NO;
				SWIFT_VERSION = 5.0;
				TARGETED_DEVICE_FAMILY = "1,2";
				TEST_HOST = "$(BUILT_PRODUCTS_DIR)/NearRestaurant.app/$(BUNDLE_EXECUTABLE_FOLDER_PATH)/NearRestaurant";
			};
			name = Debug;
		};
		14F4283D2A8DFB060064CCD0 /* Release */ = {
			isa = XCBuildConfiguration;
			baseConfigurationReference = 280D869D8BABA51AA38871EB /* Pods-NearRestaurantTests.release.xcconfig */;
			buildSettings = {
				BUNDLE_LOADER = "$(TEST_HOST)";
				CODE_SIGN_STYLE = Automatic;
				CURRENT_PROJECT_VERSION = 1;
				DEVELOPMENT_TEAM = Q247WY3MHA;
				GENERATE_INFOPLIST_FILE = YES;
				MARKETING_VERSION = 1.0;
				PRODUCT_BUNDLE_IDENTIFIER = com.salmdo.NearRestaurantTests;
				PRODUCT_NAME = "$(TARGET_NAME)";
				SWIFT_EMIT_LOC_STRINGS = NO;
				SWIFT_VERSION = 5.0;
				TARGETED_DEVICE_FAMILY = "1,2";
				TEST_HOST = "$(BUILT_PRODUCTS_DIR)/NearRestaurant.app/$(BUNDLE_EXECUTABLE_FOLDER_PATH)/NearRestaurant";
			};
			name = Release;
		};
/* End XCBuildConfiguration section */

/* Begin XCConfigurationList section */
		14BB01192A47554E00928C38 /* Build configuration list for PBXProject "NearRestaurant" */ = {
			isa = XCConfigurationList;
			buildConfigurations = (
				14BB012A2A47554F00928C38 /* Debug */,
				14BB012B2A47554F00928C38 /* Release */,
			);
			defaultConfigurationIsVisible = 0;
			defaultConfigurationName = Release;
		};
		14BB012C2A47554F00928C38 /* Build configuration list for PBXNativeTarget "NearRestaurant" */ = {
			isa = XCConfigurationList;
			buildConfigurations = (
				14BB012D2A47554F00928C38 /* Debug */,
				14BB012E2A47554F00928C38 /* Release */,
			);
			defaultConfigurationIsVisible = 0;
			defaultConfigurationName = Release;
		};
		14F4283B2A8DFB060064CCD0 /* Build configuration list for PBXNativeTarget "NearRestaurantTests" */ = {
			isa = XCConfigurationList;
			buildConfigurations = (
				14F4283C2A8DFB060064CCD0 /* Debug */,
				14F4283D2A8DFB060064CCD0 /* Release */,
			);
			defaultConfigurationIsVisible = 0;
			defaultConfigurationName = Release;
		};
/* End XCConfigurationList section */
	};
	rootObject = 14BB01162A47554E00928C38 /* Project object */;
}
