// !$*UTF8*$!
{
	archiveVersion = 1;
	classes = {
	};
	objectVersion = 56;
	objects = {

/* Begin PBXBuildFile section */
		142294272A4C5BBC003D32D0 /* UserIcon.swift in Sources */ = {isa = PBXBuildFile; fileRef = 142294262A4C5BBC003D32D0 /* UserIcon.swift */; };
		142294292A4C5CA7003D32D0 /* TrendingSquare.swift in Sources */ = {isa = PBXBuildFile; fileRef = 142294282A4C5CA7003D32D0 /* TrendingSquare.swift */; };
		1422942B2A4C66B5003D32D0 /* RestaurantItem.swift in Sources */ = {isa = PBXBuildFile; fileRef = 1422942A2A4C66B5003D32D0 /* RestaurantItem.swift */; };
		1422942D2A4D9FF4003D32D0 /* TopRatedScreen.swift in Sources */ = {isa = PBXBuildFile; fileRef = 1422942C2A4D9FF4003D32D0 /* TopRatedScreen.swift */; };
		1422942F2A4DA79B003D32D0 /* TrendingRectangle.swift in Sources */ = {isa = PBXBuildFile; fileRef = 1422942E2A4DA79B003D32D0 /* TrendingRectangle.swift */; };
		142294312A4DAB7F003D32D0 /* RestaurantItemVehicle.swift in Sources */ = {isa = PBXBuildFile; fileRef = 142294302A4DAB7F003D32D0 /* RestaurantItemVehicle.swift */; };
		142294332A4E7462003D32D0 /* Categories.swift in Sources */ = {isa = PBXBuildFile; fileRef = 142294322A4E7462003D32D0 /* Categories.swift */; };
		142294352A4E793E003D32D0 /* NearYouScreen.swift in Sources */ = {isa = PBXBuildFile; fileRef = 142294342A4E793E003D32D0 /* NearYouScreen.swift */; };
		142294372A4ED870003D32D0 /* TabButton.swift in Sources */ = {isa = PBXBuildFile; fileRef = 142294362A4ED870003D32D0 /* TabButton.swift */; };
		142294392A4EDBA8003D32D0 /* LongButtonWithIcon.swift in Sources */ = {isa = PBXBuildFile; fileRef = 142294382A4EDBA8003D32D0 /* LongButtonWithIcon.swift */; };
		1422943B2A4EDE2D003D32D0 /* RestaurantItemHorizontal.swift in Sources */ = {isa = PBXBuildFile; fileRef = 1422943A2A4EDE2D003D32D0 /* RestaurantItemHorizontal.swift */; };
		1422943F2A4EE33A003D32D0 /* BackButton.swift in Sources */ = {isa = PBXBuildFile; fileRef = 1422943E2A4EE33A003D32D0 /* BackButton.swift */; };
		142294442A4EE838003D32D0 /* RestaurantList.swift in Sources */ = {isa = PBXBuildFile; fileRef = 142294432A4EE838003D32D0 /* RestaurantList.swift */; };
		142294462A4EE8EF003D32D0 /* SearchScreen.swift in Sources */ = {isa = PBXBuildFile; fileRef = 142294452A4EE8EF003D32D0 /* SearchScreen.swift */; };
		1422944A2A4F43E4003D32D0 /* MenuScreen.swift in Sources */ = {isa = PBXBuildFile; fileRef = 142294492A4F43E4003D32D0 /* MenuScreen.swift */; };
		1422944C2A4F46EC003D32D0 /* FoodCell.swift in Sources */ = {isa = PBXBuildFile; fileRef = 1422944B2A4F46EC003D32D0 /* FoodCell.swift */; };
		1422944E2A4F8728003D32D0 /* CustomPicker.swift in Sources */ = {isa = PBXBuildFile; fileRef = 1422944D2A4F8728003D32D0 /* CustomPicker.swift */; };
		142294512A4FB2D3003D32D0 /* Restaurant.swift in Sources */ = {isa = PBXBuildFile; fileRef = 142294502A4FB2D3003D32D0 /* Restaurant.swift */; };
		142294532A4FB3D7003D32D0 /* Category.swift in Sources */ = {isa = PBXBuildFile; fileRef = 142294522A4FB3D7003D32D0 /* Category.swift */; };
		142294552A4FB491003D32D0 /* Dish.swift in Sources */ = {isa = PBXBuildFile; fileRef = 142294542A4FB491003D32D0 /* Dish.swift */; };
		142294592A4FB589003D32D0 /* User.swift in Sources */ = {isa = PBXBuildFile; fileRef = 142294582A4FB589003D32D0 /* User.swift */; };
		1422945F2A5053D2003D32D0 /* UtilityService.swift in Sources */ = {isa = PBXBuildFile; fileRef = 1422945E2A5053D2003D32D0 /* UtilityService.swift */; };
		142294622A505C4E003D32D0 /* CategoryStore.swift in Sources */ = {isa = PBXBuildFile; fileRef = 142294612A505C4E003D32D0 /* CategoryStore.swift */; };
		142294642A50D610003D32D0 /* RestaurantService.swift in Sources */ = {isa = PBXBuildFile; fileRef = 142294632A50D610003D32D0 /* RestaurantService.swift */; };
		142294662A50D6BC003D32D0 /* CategoryListViewModel.swift in Sources */ = {isa = PBXBuildFile; fileRef = 142294652A50D6BC003D32D0 /* CategoryListViewModel.swift */; };
		142294682A50D81F003D32D0 /* CategoryList.swift in Sources */ = {isa = PBXBuildFile; fileRef = 142294672A50D81F003D32D0 /* CategoryList.swift */; };
		1422946A2A50D94E003D32D0 /* CategoryViewModel.swift in Sources */ = {isa = PBXBuildFile; fileRef = 142294692A50D94E003D32D0 /* CategoryViewModel.swift */; };
		1422946C2A5100C4003D32D0 /* RestaurantViewModel.swift in Sources */ = {isa = PBXBuildFile; fileRef = 1422946B2A5100C4003D32D0 /* RestaurantViewModel.swift */; };
		1422946E2A511E4C003D32D0 /* RestaurantListViewModel.swift in Sources */ = {isa = PBXBuildFile; fileRef = 1422946D2A511E4C003D32D0 /* RestaurantListViewModel.swift */; };
		142294702A51233E003D32D0 /* SmallRestaurantListNearYou.swift in Sources */ = {isa = PBXBuildFile; fileRef = 1422946F2A51233E003D32D0 /* SmallRestaurantListNearYou.swift */; };
		142294722A5377B6003D32D0 /* TestingView.swift in Sources */ = {isa = PBXBuildFile; fileRef = 142294712A5377B6003D32D0 /* TestingView.swift */; };
		142294742A542455003D32D0 /* TrendingList.swift in Sources */ = {isa = PBXBuildFile; fileRef = 142294732A542455003D32D0 /* TrendingList.swift */; };
		142294772A542511003D32D0 /* TrendingListViewModel.swift in Sources */ = {isa = PBXBuildFile; fileRef = 142294762A542511003D32D0 /* TrendingListViewModel.swift */; };
		142294792A5426E2003D32D0 /* CustomImage.swift in Sources */ = {isa = PBXBuildFile; fileRef = 142294782A5426E2003D32D0 /* CustomImage.swift */; };
		1422947B2A542C49003D32D0 /* TopRatedList.swift in Sources */ = {isa = PBXBuildFile; fileRef = 1422947A2A542C49003D32D0 /* TopRatedList.swift */; };
		1422947D2A542C8E003D32D0 /* TopRatedListViewModel.swift in Sources */ = {isa = PBXBuildFile; fileRef = 1422947C2A542C8E003D32D0 /* TopRatedListViewModel.swift */; };
		1422947F2A5431C4003D32D0 /* BigRestaurantListNearYou.swift in Sources */ = {isa = PBXBuildFile; fileRef = 1422947E2A5431C4003D32D0 /* BigRestaurantListNearYou.swift */; };
		1425CFA22A85426A0063ED8D /* NearRestaurantUnitTests.swift in Sources */ = {isa = PBXBuildFile; fileRef = 1425CFA12A85426A0063ED8D /* NearRestaurantUnitTests.swift */; };
		1425CFA82A8542950063ED8D /* ReservationFormValidatorTests.swift in Sources */ = {isa = PBXBuildFile; fileRef = 1455662A2A630C8300498E49 /* ReservationFormValidatorTests.swift */; };
		1425CFA92A8542A20063ED8D /* MockUrlSession.swift in Sources */ = {isa = PBXBuildFile; fileRef = 145566312A64DC4100498E49 /* MockUrlSession.swift */; };
		1425CFAA2A8542F60063ED8D /* testCategoryService.swift in Sources */ = {isa = PBXBuildFile; fileRef = 1455662D2A64D83200498E49 /* testCategoryService.swift */; };
		1425CFAC2A8543E30063ED8D /* Pods_NearRestaurant.framework in Frameworks */ = {isa = PBXBuildFile; fileRef = 9A54A79DD3F4E580DE662D18 /* Pods_NearRestaurant.framework */; };
		1425CFAD2A8543E40063ED8D /* Pods_NearRestaurant.framework in Frameworks */ = {isa = PBXBuildFile; fileRef = 9A54A79DD3F4E580DE662D18 /* Pods_NearRestaurant.framework */; };
		1425CFC12A8686920063ED8D /* LikeIconRestaurant.swift in Sources */ = {isa = PBXBuildFile; fileRef = 1425CFC02A8686920063ED8D /* LikeIconRestaurant.swift */; };
		144682F22A4758EB003BABBA /* LikeIcon.swift in Sources */ = {isa = PBXBuildFile; fileRef = 144682F12A4758EB003BABBA /* LikeIcon.swift */; };
		144682F62A4759C0003BABBA /* Banner.swift in Sources */ = {isa = PBXBuildFile; fileRef = 144682F52A4759C0003BABBA /* Banner.swift */; };
		144682FB2A47730F003BABBA /* RestaurantDetailsScreen.swift in Sources */ = {isa = PBXBuildFile; fileRef = 144682FA2A47730F003BABBA /* RestaurantDetailsScreen.swift */; };
		144682FD2A47739C003BABBA /* ContactInfo.swift in Sources */ = {isa = PBXBuildFile; fileRef = 144682FC2A47739C003BABBA /* ContactInfo.swift */; };
		144682FF2A4773DB003BABBA /* BigCircle.swift in Sources */ = {isa = PBXBuildFile; fileRef = 144682FE2A4773DB003BABBA /* BigCircle.swift */; };
		144683012A488537003BABBA /* TableCell.swift in Sources */ = {isa = PBXBuildFile; fileRef = 144683002A488537003BABBA /* TableCell.swift */; };
		145566002A5E07EF00498E49 /* OrderedSlideInText.swift in Sources */ = {isa = PBXBuildFile; fileRef = 145565FF2A5E07EF00498E49 /* OrderedSlideInText.swift */; };
		145566292A630BCD00498E49 /* Reservation.swift in Sources */ = {isa = PBXBuildFile; fileRef = 145566282A630BCD00498E49 /* Reservation.swift */; };
		14B0A70F2A4C53F0006BDE0A /* Color.swift in Sources */ = {isa = PBXBuildFile; fileRef = 14B0A70E2A4C53F0006BDE0A /* Color.swift */; };
		14BB01222A47554E00928C38 /* NearRestaurantApp.swift in Sources */ = {isa = PBXBuildFile; fileRef = 14BB01212A47554E00928C38 /* NearRestaurantApp.swift */; };
		14BB01242A47554E00928C38 /* ContentView.swift in Sources */ = {isa = PBXBuildFile; fileRef = 14BB01232A47554E00928C38 /* ContentView.swift */; };
		14BB01262A47554F00928C38 /* Assets.xcassets in Resources */ = {isa = PBXBuildFile; fileRef = 14BB01252A47554F00928C38 /* Assets.xcassets */; };
		14BB01292A47554F00928C38 /* Preview Assets.xcassets in Resources */ = {isa = PBXBuildFile; fileRef = 14BB01282A47554F00928C38 /* Preview Assets.xcassets */; };
		14BB01312A4755AC00928C38 /* InfoTag.swift in Sources */ = {isa = PBXBuildFile; fileRef = 14BB01302A4755AC00928C38 /* InfoTag.swift */; };
/* End PBXBuildFile section */

/* Begin PBXContainerItemProxy section */
		1425CFA32A85426A0063ED8D /* PBXContainerItemProxy */ = {
			isa = PBXContainerItemProxy;
			containerPortal = 14BB01162A47554E00928C38 /* Project object */;
			proxyType = 1;
			remoteGlobalIDString = 14BB011D2A47554E00928C38;
			remoteInfo = NearRestaurant;
		};
/* End PBXContainerItemProxy section */

/* Begin PBXFileReference section */
		142294262A4C5BBC003D32D0 /* UserIcon.swift */ = {isa = PBXFileReference; lastKnownFileType = sourcecode.swift; path = UserIcon.swift; sourceTree = "<group>"; };
		142294282A4C5CA7003D32D0 /* TrendingSquare.swift */ = {isa = PBXFileReference; lastKnownFileType = sourcecode.swift; path = TrendingSquare.swift; sourceTree = "<group>"; };
		1422942A2A4C66B5003D32D0 /* RestaurantItem.swift */ = {isa = PBXFileReference; lastKnownFileType = sourcecode.swift; path = RestaurantItem.swift; sourceTree = "<group>"; };
		1422942C2A4D9FF4003D32D0 /* TopRatedScreen.swift */ = {isa = PBXFileReference; lastKnownFileType = sourcecode.swift; path = TopRatedScreen.swift; sourceTree = "<group>"; };
		1422942E2A4DA79B003D32D0 /* TrendingRectangle.swift */ = {isa = PBXFileReference; lastKnownFileType = sourcecode.swift; path = TrendingRectangle.swift; sourceTree = "<group>"; };
		142294302A4DAB7F003D32D0 /* RestaurantItemVehicle.swift */ = {isa = PBXFileReference; lastKnownFileType = sourcecode.swift; path = RestaurantItemVehicle.swift; sourceTree = "<group>"; };
		142294322A4E7462003D32D0 /* Categories.swift */ = {isa = PBXFileReference; lastKnownFileType = sourcecode.swift; path = Categories.swift; sourceTree = "<group>"; };
		142294342A4E793E003D32D0 /* NearYouScreen.swift */ = {isa = PBXFileReference; lastKnownFileType = sourcecode.swift; path = NearYouScreen.swift; sourceTree = "<group>"; };
		142294362A4ED870003D32D0 /* TabButton.swift */ = {isa = PBXFileReference; lastKnownFileType = sourcecode.swift; path = TabButton.swift; sourceTree = "<group>"; };
		142294382A4EDBA8003D32D0 /* LongButtonWithIcon.swift */ = {isa = PBXFileReference; lastKnownFileType = sourcecode.swift; path = LongButtonWithIcon.swift; sourceTree = "<group>"; };
		1422943A2A4EDE2D003D32D0 /* RestaurantItemHorizontal.swift */ = {isa = PBXFileReference; lastKnownFileType = sourcecode.swift; path = RestaurantItemHorizontal.swift; sourceTree = "<group>"; };
		1422943E2A4EE33A003D32D0 /* BackButton.swift */ = {isa = PBXFileReference; lastKnownFileType = sourcecode.swift; path = BackButton.swift; sourceTree = "<group>"; };
		142294432A4EE838003D32D0 /* RestaurantList.swift */ = {isa = PBXFileReference; lastKnownFileType = sourcecode.swift; path = RestaurantList.swift; sourceTree = "<group>"; };
		142294452A4EE8EF003D32D0 /* SearchScreen.swift */ = {isa = PBXFileReference; lastKnownFileType = sourcecode.swift; path = SearchScreen.swift; sourceTree = "<group>"; };
		142294492A4F43E4003D32D0 /* MenuScreen.swift */ = {isa = PBXFileReference; lastKnownFileType = sourcecode.swift; path = MenuScreen.swift; sourceTree = "<group>"; };
		1422944B2A4F46EC003D32D0 /* FoodCell.swift */ = {isa = PBXFileReference; lastKnownFileType = sourcecode.swift; path = FoodCell.swift; sourceTree = "<group>"; };
		1422944D2A4F8728003D32D0 /* CustomPicker.swift */ = {isa = PBXFileReference; lastKnownFileType = sourcecode.swift; path = CustomPicker.swift; sourceTree = "<group>"; };
		142294502A4FB2D3003D32D0 /* Restaurant.swift */ = {isa = PBXFileReference; lastKnownFileType = sourcecode.swift; path = Restaurant.swift; sourceTree = "<group>"; };
		142294522A4FB3D7003D32D0 /* Category.swift */ = {isa = PBXFileReference; lastKnownFileType = sourcecode.swift; path = Category.swift; sourceTree = "<group>"; };
		142294542A4FB491003D32D0 /* Dish.swift */ = {isa = PBXFileReference; lastKnownFileType = sourcecode.swift; path = Dish.swift; sourceTree = "<group>"; };
		142294582A4FB589003D32D0 /* User.swift */ = {isa = PBXFileReference; lastKnownFileType = sourcecode.swift; path = User.swift; sourceTree = "<group>"; };
		1422945E2A5053D2003D32D0 /* UtilityService.swift */ = {isa = PBXFileReference; lastKnownFileType = sourcecode.swift; path = UtilityService.swift; sourceTree = "<group>"; };
		142294612A505C4E003D32D0 /* CategoryStore.swift */ = {isa = PBXFileReference; lastKnownFileType = sourcecode.swift; path = CategoryStore.swift; sourceTree = "<group>"; };
		142294632A50D610003D32D0 /* RestaurantService.swift */ = {isa = PBXFileReference; lastKnownFileType = sourcecode.swift; path = RestaurantService.swift; sourceTree = "<group>"; };
		142294652A50D6BC003D32D0 /* CategoryListViewModel.swift */ = {isa = PBXFileReference; lastKnownFileType = sourcecode.swift; path = CategoryListViewModel.swift; sourceTree = "<group>"; };
		142294672A50D81F003D32D0 /* CategoryList.swift */ = {isa = PBXFileReference; lastKnownFileType = sourcecode.swift; path = CategoryList.swift; sourceTree = "<group>"; };
		142294692A50D94E003D32D0 /* CategoryViewModel.swift */ = {isa = PBXFileReference; lastKnownFileType = sourcecode.swift; path = CategoryViewModel.swift; sourceTree = "<group>"; };
		1422946B2A5100C4003D32D0 /* RestaurantViewModel.swift */ = {isa = PBXFileReference; lastKnownFileType = sourcecode.swift; path = RestaurantViewModel.swift; sourceTree = "<group>"; };
		1422946D2A511E4C003D32D0 /* RestaurantListViewModel.swift */ = {isa = PBXFileReference; lastKnownFileType = sourcecode.swift; path = RestaurantListViewModel.swift; sourceTree = "<group>"; };
		1422946F2A51233E003D32D0 /* SmallRestaurantListNearYou.swift */ = {isa = PBXFileReference; lastKnownFileType = sourcecode.swift; path = SmallRestaurantListNearYou.swift; sourceTree = "<group>"; };
		142294712A5377B6003D32D0 /* TestingView.swift */ = {isa = PBXFileReference; lastKnownFileType = sourcecode.swift; path = TestingView.swift; sourceTree = "<group>"; };
		142294732A542455003D32D0 /* TrendingList.swift */ = {isa = PBXFileReference; lastKnownFileType = sourcecode.swift; path = TrendingList.swift; sourceTree = "<group>"; };
		142294762A542511003D32D0 /* TrendingListViewModel.swift */ = {isa = PBXFileReference; lastKnownFileType = sourcecode.swift; path = TrendingListViewModel.swift; sourceTree = "<group>"; };
		142294782A5426E2003D32D0 /* CustomImage.swift */ = {isa = PBXFileReference; lastKnownFileType = sourcecode.swift; path = CustomImage.swift; sourceTree = "<group>"; };
		1422947A2A542C49003D32D0 /* TopRatedList.swift */ = {isa = PBXFileReference; lastKnownFileType = sourcecode.swift; path = TopRatedList.swift; sourceTree = "<group>"; };
		1422947C2A542C8E003D32D0 /* TopRatedListViewModel.swift */ = {isa = PBXFileReference; lastKnownFileType = sourcecode.swift; path = TopRatedListViewModel.swift; sourceTree = "<group>"; };
		1422947E2A5431C4003D32D0 /* BigRestaurantListNearYou.swift */ = {isa = PBXFileReference; lastKnownFileType = sourcecode.swift; path = BigRestaurantListNearYou.swift; sourceTree = "<group>"; };
		1425CF9F2A85426A0063ED8D /* NearRestaurantUnitTests.xctest */ = {isa = PBXFileReference; explicitFileType = wrapper.cfbundle; includeInIndex = 0; path = NearRestaurantUnitTests.xctest; sourceTree = BUILT_PRODUCTS_DIR; };
		1425CFA12A85426A0063ED8D /* NearRestaurantUnitTests.swift */ = {isa = PBXFileReference; lastKnownFileType = sourcecode.swift; path = NearRestaurantUnitTests.swift; sourceTree = "<group>"; };
		1425CFC02A8686920063ED8D /* LikeIconRestaurant.swift */ = {isa = PBXFileReference; lastKnownFileType = sourcecode.swift; path = LikeIconRestaurant.swift; sourceTree = "<group>"; };
		144682F12A4758EB003BABBA /* LikeIcon.swift */ = {isa = PBXFileReference; lastKnownFileType = sourcecode.swift; path = LikeIcon.swift; sourceTree = "<group>"; };
		144682F52A4759C0003BABBA /* Banner.swift */ = {isa = PBXFileReference; lastKnownFileType = sourcecode.swift; path = Banner.swift; sourceTree = "<group>"; };
		144682FA2A47730F003BABBA /* RestaurantDetailsScreen.swift */ = {isa = PBXFileReference; lastKnownFileType = sourcecode.swift; path = RestaurantDetailsScreen.swift; sourceTree = "<group>"; };
		144682FC2A47739C003BABBA /* ContactInfo.swift */ = {isa = PBXFileReference; lastKnownFileType = sourcecode.swift; path = ContactInfo.swift; sourceTree = "<group>"; };
		144682FE2A4773DB003BABBA /* BigCircle.swift */ = {isa = PBXFileReference; lastKnownFileType = sourcecode.swift; path = BigCircle.swift; sourceTree = "<group>"; };
		144683002A488537003BABBA /* TableCell.swift */ = {isa = PBXFileReference; lastKnownFileType = sourcecode.swift; path = TableCell.swift; sourceTree = "<group>"; };
		145565FF2A5E07EF00498E49 /* OrderedSlideInText.swift */ = {isa = PBXFileReference; lastKnownFileType = sourcecode.swift; path = OrderedSlideInText.swift; sourceTree = "<group>"; };
		145566282A630BCD00498E49 /* Reservation.swift */ = {isa = PBXFileReference; lastKnownFileType = sourcecode.swift; path = Reservation.swift; sourceTree = "<group>"; };
		1455662A2A630C8300498E49 /* ReservationFormValidatorTests.swift */ = {isa = PBXFileReference; lastKnownFileType = sourcecode.swift; path = ReservationFormValidatorTests.swift; sourceTree = "<group>"; };
		1455662D2A64D83200498E49 /* testCategoryService.swift */ = {isa = PBXFileReference; lastKnownFileType = sourcecode.swift; path = testCategoryService.swift; sourceTree = "<group>"; };
		145566312A64DC4100498E49 /* MockUrlSession.swift */ = {isa = PBXFileReference; lastKnownFileType = sourcecode.swift; path = MockUrlSession.swift; sourceTree = "<group>"; };
		14B0A70E2A4C53F0006BDE0A /* Color.swift */ = {isa = PBXFileReference; lastKnownFileType = sourcecode.swift; path = Color.swift; sourceTree = "<group>"; };
		14BB011E2A47554E00928C38 /* NearRestaurant.app */ = {isa = PBXFileReference; explicitFileType = wrapper.application; includeInIndex = 0; path = NearRestaurant.app; sourceTree = BUILT_PRODUCTS_DIR; };
		14BB01212A47554E00928C38 /* NearRestaurantApp.swift */ = {isa = PBXFileReference; lastKnownFileType = sourcecode.swift; path = NearRestaurantApp.swift; sourceTree = "<group>"; };
		14BB01232A47554E00928C38 /* ContentView.swift */ = {isa = PBXFileReference; lastKnownFileType = sourcecode.swift; path = ContentView.swift; sourceTree = "<group>"; };
		14BB01252A47554F00928C38 /* Assets.xcassets */ = {isa = PBXFileReference; lastKnownFileType = folder.assetcatalog; path = Assets.xcassets; sourceTree = "<group>"; };
		14BB01282A47554F00928C38 /* Preview Assets.xcassets */ = {isa = PBXFileReference; lastKnownFileType = folder.assetcatalog; path = "Preview Assets.xcassets"; sourceTree = "<group>"; };
		14BB01302A4755AC00928C38 /* InfoTag.swift */ = {isa = PBXFileReference; lastKnownFileType = sourcecode.swift; path = InfoTag.swift; sourceTree = "<group>"; };
		3DF31C8D7CD3495CF6F0664C /* Pods-NearRestaurantTests.release.xcconfig */ = {isa = PBXFileReference; includeInIndex = 1; lastKnownFileType = text.xcconfig; name = "Pods-NearRestaurantTests.release.xcconfig"; path = "Target Support Files/Pods-NearRestaurantTests/Pods-NearRestaurantTests.release.xcconfig"; sourceTree = "<group>"; };
		66F153454C82FD887E09C68C /* Pods-NearRestaurant.release.xcconfig */ = {isa = PBXFileReference; includeInIndex = 1; lastKnownFileType = text.xcconfig; name = "Pods-NearRestaurant.release.xcconfig"; path = "Target Support Files/Pods-NearRestaurant/Pods-NearRestaurant.release.xcconfig"; sourceTree = "<group>"; };
		6970E84A431B087DA0592E77 /* Pods-NearRestaurant.debug.xcconfig */ = {isa = PBXFileReference; includeInIndex = 1; lastKnownFileType = text.xcconfig; name = "Pods-NearRestaurant.debug.xcconfig"; path = "Target Support Files/Pods-NearRestaurant/Pods-NearRestaurant.debug.xcconfig"; sourceTree = "<group>"; };
		94DECCB38D7B2273B332FDE6 /* Pods_NearRestaurantTests.framework */ = {isa = PBXFileReference; explicitFileType = wrapper.framework; includeInIndex = 0; path = Pods_NearRestaurantTests.framework; sourceTree = BUILT_PRODUCTS_DIR; };
		9A54A79DD3F4E580DE662D18 /* Pods_NearRestaurant.framework */ = {isa = PBXFileReference; explicitFileType = wrapper.framework; includeInIndex = 0; path = Pods_NearRestaurant.framework; sourceTree = BUILT_PRODUCTS_DIR; };
		CE4F990049CA6B0B5EDD1CF1 /* Pods-NearRestaurantTests.debug.xcconfig */ = {isa = PBXFileReference; includeInIndex = 1; lastKnownFileType = text.xcconfig; name = "Pods-NearRestaurantTests.debug.xcconfig"; path = "Target Support Files/Pods-NearRestaurantTests/Pods-NearRestaurantTests.debug.xcconfig"; sourceTree = "<group>"; };
/* End PBXFileReference section */

/* Begin PBXFrameworksBuildPhase section */
		1425CF9C2A85426A0063ED8D /* Frameworks */ = {
			isa = PBXFrameworksBuildPhase;
			buildActionMask = 2147483647;
			files = (
				1425CFAD2A8543E40063ED8D /* Pods_NearRestaurant.framework in Frameworks */,
			);
			runOnlyForDeploymentPostprocessing = 0;
		};
		14BB011B2A47554E00928C38 /* Frameworks */ = {
			isa = PBXFrameworksBuildPhase;
			buildActionMask = 2147483647;
			files = (
				1425CFAC2A8543E30063ED8D /* Pods_NearRestaurant.framework in Frameworks */,
			);
			runOnlyForDeploymentPostprocessing = 0;
		};
/* End PBXFrameworksBuildPhase section */

/* Begin PBXGroup section */
		039C456A55633875A9BD75CA /* Pods */ = {
			isa = PBXGroup;
			children = (
				6970E84A431B087DA0592E77 /* Pods-NearRestaurant.debug.xcconfig */,
				66F153454C82FD887E09C68C /* Pods-NearRestaurant.release.xcconfig */,
				CE4F990049CA6B0B5EDD1CF1 /* Pods-NearRestaurantTests.debug.xcconfig */,
				3DF31C8D7CD3495CF6F0664C /* Pods-NearRestaurantTests.release.xcconfig */,
			);
			path = Pods;
			sourceTree = "<group>";
		};
		1422944F2A4FB2AC003D32D0 /* Models */ = {
			isa = PBXGroup;
			children = (
				142294502A4FB2D3003D32D0 /* Restaurant.swift */,
				142294522A4FB3D7003D32D0 /* Category.swift */,
				142294542A4FB491003D32D0 /* Dish.swift */,
				142294582A4FB589003D32D0 /* User.swift */,
				145566282A630BCD00498E49 /* Reservation.swift */,
			);
			path = Models;
			sourceTree = "<group>";
		};
		1422945A2A4FBB51003D32D0 /* Services */ = {
			isa = PBXGroup;
			children = (
				1422945E2A5053D2003D32D0 /* UtilityService.swift */,
				142294632A50D610003D32D0 /* RestaurantService.swift */,
			);
			path = Services;
			sourceTree = "<group>";
		};
		1422945B2A4FBB59003D32D0 /* ViewModels */ = {
			isa = PBXGroup;
			children = (
				142294652A50D6BC003D32D0 /* CategoryListViewModel.swift */,
				142294692A50D94E003D32D0 /* CategoryViewModel.swift */,
				1422946B2A5100C4003D32D0 /* RestaurantViewModel.swift */,
				1422946D2A511E4C003D32D0 /* RestaurantListViewModel.swift */,
				142294762A542511003D32D0 /* TrendingListViewModel.swift */,
				1422947C2A542C8E003D32D0 /* TopRatedListViewModel.swift */,
			);
			path = ViewModels;
			sourceTree = "<group>";
		};
		142294602A505C2D003D32D0 /* GlobalStore */ = {
			isa = PBXGroup;
			children = (
				142294612A505C4E003D32D0 /* CategoryStore.swift */,
			);
			path = GlobalStore;
			sourceTree = "<group>";
		};
		142294752A542461003D32D0 /* ComponentList */ = {
			isa = PBXGroup;
			children = (
				142294672A50D81F003D32D0 /* CategoryList.swift */,
				1422946F2A51233E003D32D0 /* SmallRestaurantListNearYou.swift */,
				1422947E2A5431C4003D32D0 /* BigRestaurantListNearYou.swift */,
				142294732A542455003D32D0 /* TrendingList.swift */,
				1422947A2A542C49003D32D0 /* TopRatedList.swift */,
			);
			path = ComponentList;
			sourceTree = "<group>";
		};
		1425CFA02A85426A0063ED8D /* NearRestaurantUnitTests */ = {
			isa = PBXGroup;
			children = (
				145566312A64DC4100498E49 /* MockUrlSession.swift */,
				1455662A2A630C8300498E49 /* ReservationFormValidatorTests.swift */,
				1455662C2A64D81600498E49 /* Category */,
				1425CFA12A85426A0063ED8D /* NearRestaurantUnitTests.swift */,
			);
			path = NearRestaurantUnitTests;
			sourceTree = "<group>";
		};
		144682F32A4758F5003BABBA /* components */ = {
			isa = PBXGroup;
			children = (
				1425CFC02A8686920063ED8D /* LikeIconRestaurant.swift */,
				144683002A488537003BABBA /* TableCell.swift */,
				144682F52A4759C0003BABBA /* Banner.swift */,
				144682FC2A47739C003BABBA /* ContactInfo.swift */,
				142294282A4C5CA7003D32D0 /* TrendingSquare.swift */,
				1422942E2A4DA79B003D32D0 /* TrendingRectangle.swift */,
				1422942A2A4C66B5003D32D0 /* RestaurantItem.swift */,
				142294302A4DAB7F003D32D0 /* RestaurantItemVehicle.swift */,
				1422943A2A4EDE2D003D32D0 /* RestaurantItemHorizontal.swift */,
				1422944B2A4F46EC003D32D0 /* FoodCell.swift */,
				142294752A542461003D32D0 /* ComponentList */,
			);
			path = components;
			sourceTree = "<group>";
		};
		144682F42A4758FA003BABBA /* icons */ = {
			isa = PBXGroup;
			children = (
				14BB01302A4755AC00928C38 /* InfoTag.swift */,
				144682F12A4758EB003BABBA /* LikeIcon.swift */,
				144682FE2A4773DB003BABBA /* BigCircle.swift */,
				142294262A4C5BBC003D32D0 /* UserIcon.swift */,
				142294322A4E7462003D32D0 /* Categories.swift */,
				142294362A4ED870003D32D0 /* TabButton.swift */,
				142294382A4EDBA8003D32D0 /* LongButtonWithIcon.swift */,
				1422943E2A4EE33A003D32D0 /* BackButton.swift */,
				1422944D2A4F8728003D32D0 /* CustomPicker.swift */,
				142294782A5426E2003D32D0 /* CustomImage.swift */,
			);
			path = icons;
			sourceTree = "<group>";
		};
		145565FE2A5E07B700498E49 /* animation */ = {
			isa = PBXGroup;
			children = (
				145565FF2A5E07EF00498E49 /* OrderedSlideInText.swift */,
			);
			path = animation;
			sourceTree = "<group>";
		};
		1455662C2A64D81600498E49 /* Category */ = {
			isa = PBXGroup;
			children = (
				1455662D2A64D83200498E49 /* testCategoryService.swift */,
			);
			path = Category;
			sourceTree = "<group>";
		};
		14B0A70D2A4C4EF2006BDE0A /* Screen */ = {
			isa = PBXGroup;
			children = (
				142294342A4E793E003D32D0 /* NearYouScreen.swift */,
				144682FA2A47730F003BABBA /* RestaurantDetailsScreen.swift */,
				1422942C2A4D9FF4003D32D0 /* TopRatedScreen.swift */,
				142294432A4EE838003D32D0 /* RestaurantList.swift */,
				142294452A4EE8EF003D32D0 /* SearchScreen.swift */,
				142294492A4F43E4003D32D0 /* MenuScreen.swift */,
			);
			path = Screen;
			sourceTree = "<group>";
		};
		14BB01152A47554E00928C38 = {
			isa = PBXGroup;
			children = (
				14BB01202A47554E00928C38 /* NearRestaurant */,
				1425CFA02A85426A0063ED8D /* NearRestaurantUnitTests */,
				14BB011F2A47554E00928C38 /* Products */,
				039C456A55633875A9BD75CA /* Pods */,
				F74D6DCC383C2A27351998B5 /* Frameworks */,
			);
			sourceTree = "<group>";
		};
		14BB011F2A47554E00928C38 /* Products */ = {
			isa = PBXGroup;
			children = (
				14BB011E2A47554E00928C38 /* NearRestaurant.app */,
				1425CF9F2A85426A0063ED8D /* NearRestaurantUnitTests.xctest */,
			);
			name = Products;
			sourceTree = "<group>";
		};
		14BB01202A47554E00928C38 /* NearRestaurant */ = {
			isa = PBXGroup;
			children = (
				142294602A505C2D003D32D0 /* GlobalStore */,
				1422945B2A4FBB59003D32D0 /* ViewModels */,
				1422945A2A4FBB51003D32D0 /* Services */,
				1422944F2A4FB2AC003D32D0 /* Models */,
				14BB012F2A47559100928C38 /* Views */,
				14BB01212A47554E00928C38 /* NearRestaurantApp.swift */,
				14BB01232A47554E00928C38 /* ContentView.swift */,
				14BB01252A47554F00928C38 /* Assets.xcassets */,
				14BB01272A47554F00928C38 /* Preview Content */,
			);
			path = NearRestaurant;
			sourceTree = "<group>";
		};
		14BB01272A47554F00928C38 /* Preview Content */ = {
			isa = PBXGroup;
			children = (
				14BB01282A47554F00928C38 /* Preview Assets.xcassets */,
			);
			path = "Preview Content";
			sourceTree = "<group>";
		};
		14BB012F2A47559100928C38 /* Views */ = {
			isa = PBXGroup;
			children = (
				145565FE2A5E07B700498E49 /* animation */,
				144682F42A4758FA003BABBA /* icons */,
				144682F32A4758F5003BABBA /* components */,
				14B0A70D2A4C4EF2006BDE0A /* Screen */,
				14B0A70E2A4C53F0006BDE0A /* Color.swift */,
				142294712A5377B6003D32D0 /* TestingView.swift */,
			);
			path = Views;
			sourceTree = "<group>";
		};
		F74D6DCC383C2A27351998B5 /* Frameworks */ = {
			isa = PBXGroup;
			children = (
				9A54A79DD3F4E580DE662D18 /* Pods_NearRestaurant.framework */,
				94DECCB38D7B2273B332FDE6 /* Pods_NearRestaurantTests.framework */,
			);
			name = Frameworks;
			sourceTree = "<group>";
		};
/* End PBXGroup section */

/* Begin PBXNativeTarget section */
		1425CF9E2A85426A0063ED8D /* NearRestaurantUnitTests */ = {
			isa = PBXNativeTarget;
			buildConfigurationList = 1425CFA72A85426A0063ED8D /* Build configuration list for PBXNativeTarget "NearRestaurantUnitTests" */;
			buildPhases = (
				1425CF9B2A85426A0063ED8D /* Sources */,
				1425CF9C2A85426A0063ED8D /* Frameworks */,
				1425CF9D2A85426A0063ED8D /* Resources */,
			);
			buildRules = (
			);
			dependencies = (
				1425CFA42A85426A0063ED8D /* PBXTargetDependency */,
			);
			name = NearRestaurantUnitTests;
			productName = NearRestaurantUnitTests;
			productReference = 1425CF9F2A85426A0063ED8D /* NearRestaurantUnitTests.xctest */;
			productType = "com.apple.product-type.bundle.unit-test";
		};
		14BB011D2A47554E00928C38 /* NearRestaurant */ = {
			isa = PBXNativeTarget;
			buildConfigurationList = 14BB012C2A47554F00928C38 /* Build configuration list for PBXNativeTarget "NearRestaurant" */;
			buildPhases = (
				623DAB09643217F2D64B9106 /* [CP] Check Pods Manifest.lock */,
				14BB011A2A47554E00928C38 /* Sources */,
				14BB011B2A47554E00928C38 /* Frameworks */,
				14BB011C2A47554E00928C38 /* Resources */,
				3614EFD0B7CD016C8DCEA3D4 /* [CP] Embed Pods Frameworks */,
			);
			buildRules = (
			);
			dependencies = (
			);
			name = NearRestaurant;
			productName = NearRestaurant;
			productReference = 14BB011E2A47554E00928C38 /* NearRestaurant.app */;
			productType = "com.apple.product-type.application";
		};
/* End PBXNativeTarget section */

/* Begin PBXProject section */
		14BB01162A47554E00928C38 /* Project object */ = {
			isa = PBXProject;
			attributes = {
				BuildIndependentTargetsInParallel = 1;
				LastSwiftUpdateCheck = 1420;
				LastUpgradeCheck = 1420;
				TargetAttributes = {
					1425CF9E2A85426A0063ED8D = {
						CreatedOnToolsVersion = 14.2;
						TestTargetID = 14BB011D2A47554E00928C38;
					};
					14BB011D2A47554E00928C38 = {
						CreatedOnToolsVersion = 14.2;
					};
				};
			};
			buildConfigurationList = 14BB01192A47554E00928C38 /* Build configuration list for PBXProject "NearRestaurant" */;
			compatibilityVersion = "Xcode 14.0";
			developmentRegion = en;
			hasScannedForEncodings = 0;
			knownRegions = (
				en,
				Base,
			);
			mainGroup = 14BB01152A47554E00928C38;
			productRefGroup = 14BB011F2A47554E00928C38 /* Products */;
			projectDirPath = "";
			projectRoot = "";
			targets = (
				14BB011D2A47554E00928C38 /* NearRestaurant */,
				1425CF9E2A85426A0063ED8D /* NearRestaurantUnitTests */,
			);
		};
/* End PBXProject section */

/* Begin PBXResourcesBuildPhase section */
		1425CF9D2A85426A0063ED8D /* Resources */ = {
			isa = PBXResourcesBuildPhase;
			buildActionMask = 2147483647;
			files = (
			);
			runOnlyForDeploymentPostprocessing = 0;
		};
		14BB011C2A47554E00928C38 /* Resources */ = {
			isa = PBXResourcesBuildPhase;
			buildActionMask = 2147483647;
			files = (
				14BB01292A47554F00928C38 /* Preview Assets.xcassets in Resources */,
				14BB01262A47554F00928C38 /* Assets.xcassets in Resources */,
			);
			runOnlyForDeploymentPostprocessing = 0;
		};
/* End PBXResourcesBuildPhase section */

/* Begin PBXShellScriptBuildPhase section */
		3614EFD0B7CD016C8DCEA3D4 /* [CP] Embed Pods Frameworks */ = {
			isa = PBXShellScriptBuildPhase;
			buildActionMask = 2147483647;
			files = (
			);
			inputFileListPaths = (
				"${PODS_ROOT}/Target Support Files/Pods-NearRestaurant/Pods-NearRestaurant-frameworks-${CONFIGURATION}-input-files.xcfilelist",
			);
			name = "[CP] Embed Pods Frameworks";
			outputFileListPaths = (
				"${PODS_ROOT}/Target Support Files/Pods-NearRestaurant/Pods-NearRestaurant-frameworks-${CONFIGURATION}-output-files.xcfilelist",
			);
			runOnlyForDeploymentPostprocessing = 0;
			shellPath = /bin/sh;
			shellScript = "\"${PODS_ROOT}/Target Support Files/Pods-NearRestaurant/Pods-NearRestaurant-frameworks.sh\"\n";
			showEnvVarsInLog = 0;
		};
		623DAB09643217F2D64B9106 /* [CP] Check Pods Manifest.lock */ = {
			isa = PBXShellScriptBuildPhase;
			buildActionMask = 2147483647;
			files = (
			);
			inputFileListPaths = (
			);
			inputPaths = (
				"${PODS_PODFILE_DIR_PATH}/Podfile.lock",
				"${PODS_ROOT}/Manifest.lock",
			);
			name = "[CP] Check Pods Manifest.lock";
			outputFileListPaths = (
			);
			outputPaths = (
				"$(DERIVED_FILE_DIR)/Pods-NearRestaurant-checkManifestLockResult.txt",
			);
			runOnlyForDeploymentPostprocessing = 0;
			shellPath = /bin/sh;
			shellScript = "diff \"${PODS_PODFILE_DIR_PATH}/Podfile.lock\" \"${PODS_ROOT}/Manifest.lock\" > /dev/null\nif [ $? != 0 ] ; then\n    # print error to STDERR\n    echo \"error: The sandbox is not in sync with the Podfile.lock. Run 'pod install' or update your CocoaPods installation.\" >&2\n    exit 1\nfi\n# This output is used by Xcode 'outputs' to avoid re-running this script phase.\necho \"SUCCESS\" > \"${SCRIPT_OUTPUT_FILE_0}\"\n";
			showEnvVarsInLog = 0;
		};
/* End PBXShellScriptBuildPhase section */

/* Begin PBXSourcesBuildPhase section */
		1425CF9B2A85426A0063ED8D /* Sources */ = {
			isa = PBXSourcesBuildPhase;
			buildActionMask = 2147483647;
			files = (
				1425CFA92A8542A20063ED8D /* MockUrlSession.swift in Sources */,
				1425CFA22A85426A0063ED8D /* NearRestaurantUnitTests.swift in Sources */,
				1425CFA82A8542950063ED8D /* ReservationFormValidatorTests.swift in Sources */,
				1425CFAA2A8542F60063ED8D /* testCategoryService.swift in Sources */,
			);
			runOnlyForDeploymentPostprocessing = 0;
		};
		14BB011A2A47554E00928C38 /* Sources */ = {
			isa = PBXSourcesBuildPhase;
			buildActionMask = 2147483647;
			files = (
				1422942B2A4C66B5003D32D0 /* RestaurantItem.swift in Sources */,
				1422947D2A542C8E003D32D0 /* TopRatedListViewModel.swift in Sources */,
				142294292A4C5CA7003D32D0 /* TrendingSquare.swift in Sources */,
				142294272A4C5BBC003D32D0 /* UserIcon.swift in Sources */,
				142294532A4FB3D7003D32D0 /* Category.swift in Sources */,
				145566002A5E07EF00498E49 /* OrderedSlideInText.swift in Sources */,
				142294642A50D610003D32D0 /* RestaurantService.swift in Sources */,
				144683012A488537003BABBA /* TableCell.swift in Sources */,
				142294332A4E7462003D32D0 /* Categories.swift in Sources */,
				142294442A4EE838003D32D0 /* RestaurantList.swift in Sources */,
				14BB01242A47554E00928C38 /* ContentView.swift in Sources */,
				14BB01222A47554E00928C38 /* NearRestaurantApp.swift in Sources */,
				1422944A2A4F43E4003D32D0 /* MenuScreen.swift in Sources */,
				142294352A4E793E003D32D0 /* NearYouScreen.swift in Sources */,
				142294772A542511003D32D0 /* TrendingListViewModel.swift in Sources */,
				142294392A4EDBA8003D32D0 /* LongButtonWithIcon.swift in Sources */,
				1422942D2A4D9FF4003D32D0 /* TopRatedScreen.swift in Sources */,
				142294682A50D81F003D32D0 /* CategoryList.swift in Sources */,
				1422947F2A5431C4003D32D0 /* BigRestaurantListNearYou.swift in Sources */,
				142294622A505C4E003D32D0 /* CategoryStore.swift in Sources */,
				1422946C2A5100C4003D32D0 /* RestaurantViewModel.swift in Sources */,
				14B0A70F2A4C53F0006BDE0A /* Color.swift in Sources */,
				1422942F2A4DA79B003D32D0 /* TrendingRectangle.swift in Sources */,
				1422947B2A542C49003D32D0 /* TopRatedList.swift in Sources */,
				1422945F2A5053D2003D32D0 /* UtilityService.swift in Sources */,
				142294722A5377B6003D32D0 /* TestingView.swift in Sources */,
				145566292A630BCD00498E49 /* Reservation.swift in Sources */,
				1422944E2A4F8728003D32D0 /* CustomPicker.swift in Sources */,
				1425CFC12A8686920063ED8D /* LikeIconRestaurant.swift in Sources */,
				142294312A4DAB7F003D32D0 /* RestaurantItemVehicle.swift in Sources */,
				1422946A2A50D94E003D32D0 /* CategoryViewModel.swift in Sources */,
				142294702A51233E003D32D0 /* SmallRestaurantListNearYou.swift in Sources */,
				142294372A4ED870003D32D0 /* TabButton.swift in Sources */,
				144682F62A4759C0003BABBA /* Banner.swift in Sources */,
				142294462A4EE8EF003D32D0 /* SearchScreen.swift in Sources */,
				142294512A4FB2D3003D32D0 /* Restaurant.swift in Sources */,
				14BB01312A4755AC00928C38 /* InfoTag.swift in Sources */,
				142294792A5426E2003D32D0 /* CustomImage.swift in Sources */,
				144682F22A4758EB003BABBA /* LikeIcon.swift in Sources */,
				142294592A4FB589003D32D0 /* User.swift in Sources */,
				1422943F2A4EE33A003D32D0 /* BackButton.swift in Sources */,
				142294552A4FB491003D32D0 /* Dish.swift in Sources */,
				142294742A542455003D32D0 /* TrendingList.swift in Sources */,
				144682FB2A47730F003BABBA /* RestaurantDetailsScreen.swift in Sources */,
				142294662A50D6BC003D32D0 /* CategoryListViewModel.swift in Sources */,
				1422943B2A4EDE2D003D32D0 /* RestaurantItemHorizontal.swift in Sources */,
				144682FF2A4773DB003BABBA /* BigCircle.swift in Sources */,
				1422944C2A4F46EC003D32D0 /* FoodCell.swift in Sources */,
				144682FD2A47739C003BABBA /* ContactInfo.swift in Sources */,
				1422946E2A511E4C003D32D0 /* RestaurantListViewModel.swift in Sources */,
			);
			runOnlyForDeploymentPostprocessing = 0;
		};
/* End PBXSourcesBuildPhase section */

/* Begin PBXTargetDependency section */
		1425CFA42A85426A0063ED8D /* PBXTargetDependency */ = {
			isa = PBXTargetDependency;
			target = 14BB011D2A47554E00928C38 /* NearRestaurant */;
			targetProxy = 1425CFA32A85426A0063ED8D /* PBXContainerItemProxy */;
		};
/* End PBXTargetDependency section */

/* Begin XCBuildConfiguration section */
		1425CFA52A85426A0063ED8D /* Debug */ = {
			isa = XCBuildConfiguration;
			buildSettings = {
				BUNDLE_LOADER = "$(TEST_HOST)";
				CODE_SIGN_STYLE = Automatic;
				CURRENT_PROJECT_VERSION = 1;
				DEVELOPMENT_TEAM = Q247WY3MHA;
				ENABLE_TESTING_SEARCH_PATHS = NO;
				GENERATE_INFOPLIST_FILE = YES;
				MARKETING_VERSION = 1.0;
				PRODUCT_BUNDLE_IDENTIFIER = com.salmdo.NearRestaurantUnitTests;
				PRODUCT_NAME = "$(TARGET_NAME)";
				SWIFT_EMIT_LOC_STRINGS = NO;
				SWIFT_VERSION = 5.0;
				TARGETED_DEVICE_FAMILY = "1,2";
				TEST_HOST = "$(BUILT_PRODUCTS_DIR)/NearRestaurant.app/$(BUNDLE_EXECUTABLE_FOLDER_PATH)/NearRestaurant";
			};
			name = Debug;
		};
		1425CFA62A85426A0063ED8D /* Release */ = {
			isa = XCBuildConfiguration;
			buildSettings = {
				BUNDLE_LOADER = "$(TEST_HOST)";
				CODE_SIGN_STYLE = Automatic;
				CURRENT_PROJECT_VERSION = 1;
				DEVELOPMENT_TEAM = Q247WY3MHA;
				ENABLE_TESTING_SEARCH_PATHS = NO;
				GENERATE_INFOPLIST_FILE = YES;
				MARKETING_VERSION = 1.0;
				PRODUCT_BUNDLE_IDENTIFIER = com.salmdo.NearRestaurantUnitTests;
				PRODUCT_NAME = "$(TARGET_NAME)";
				SWIFT_EMIT_LOC_STRINGS = NO;
				SWIFT_VERSION = 5.0;
				TARGETED_DEVICE_FAMILY = "1,2";
				TEST_HOST = "$(BUILT_PRODUCTS_DIR)/NearRestaurant.app/$(BUNDLE_EXECUTABLE_FOLDER_PATH)/NearRestaurant";
			};
			name = Release;
		};
		14BB012A2A47554F00928C38 /* Debug */ = {
			isa = XCBuildConfiguration;
			buildSettings = {
				ALWAYS_SEARCH_USER_PATHS = NO;
				CLANG_ANALYZER_NONNULL = YES;
				CLANG_ANALYZER_NUMBER_OBJECT_CONVERSION = YES_AGGRESSIVE;
				CLANG_CXX_LANGUAGE_STANDARD = "gnu++20";
				CLANG_ENABLE_MODULES = YES;
				CLANG_ENABLE_OBJC_ARC = YES;
				CLANG_ENABLE_OBJC_WEAK = YES;
				CLANG_WARN_BLOCK_CAPTURE_AUTORELEASING = YES;
				CLANG_WARN_BOOL_CONVERSION = YES;
				CLANG_WARN_COMMA = YES;
				CLANG_WARN_CONSTANT_CONVERSION = YES;
				CLANG_WARN_DEPRECATED_OBJC_IMPLEMENTATIONS = YES;
				CLANG_WARN_DIRECT_OBJC_ISA_USAGE = YES_ERROR;
				CLANG_WARN_DOCUMENTATION_COMMENTS = YES;
				CLANG_WARN_EMPTY_BODY = YES;
				CLANG_WARN_ENUM_CONVERSION = YES;
				CLANG_WARN_INFINITE_RECURSION = YES;
				CLANG_WARN_INT_CONVERSION = YES;
				CLANG_WARN_NON_LITERAL_NULL_CONVERSION = YES;
				CLANG_WARN_OBJC_IMPLICIT_RETAIN_SELF = YES;
				CLANG_WARN_OBJC_LITERAL_CONVERSION = YES;
				CLANG_WARN_OBJC_ROOT_CLASS = YES_ERROR;
				CLANG_WARN_QUOTED_INCLUDE_IN_FRAMEWORK_HEADER = YES;
				CLANG_WARN_RANGE_LOOP_ANALYSIS = YES;
				CLANG_WARN_STRICT_PROTOTYPES = YES;
				CLANG_WARN_SUSPICIOUS_MOVE = YES;
				CLANG_WARN_UNGUARDED_AVAILABILITY = YES_AGGRESSIVE;
				CLANG_WARN_UNREACHABLE_CODE = YES;
				CLANG_WARN__DUPLICATE_METHOD_MATCH = YES;
				COPY_PHASE_STRIP = NO;
				DEBUG_INFORMATION_FORMAT = dwarf;
				ENABLE_STRICT_OBJC_MSGSEND = YES;
				ENABLE_TESTABILITY = YES;
				GCC_C_LANGUAGE_STANDARD = gnu11;
				GCC_DYNAMIC_NO_PIC = NO;
				GCC_NO_COMMON_BLOCKS = YES;
				GCC_OPTIMIZATION_LEVEL = 0;
				GCC_PREPROCESSOR_DEFINITIONS = (
					"DEBUG=1",
					"$(inherited)",
				);
				GCC_WARN_64_TO_32_BIT_CONVERSION = YES;
				GCC_WARN_ABOUT_RETURN_TYPE = YES_ERROR;
				GCC_WARN_UNDECLARED_SELECTOR = YES;
				GCC_WARN_UNINITIALIZED_AUTOS = YES_AGGRESSIVE;
				GCC_WARN_UNUSED_FUNCTION = YES;
				GCC_WARN_UNUSED_VARIABLE = YES;
				IPHONEOS_DEPLOYMENT_TARGET = 16.2;
				MTL_ENABLE_DEBUG_INFO = INCLUDE_SOURCE;
				MTL_FAST_MATH = YES;
				ONLY_ACTIVE_ARCH = YES;
				SDKROOT = iphoneos;
				SWIFT_ACTIVE_COMPILATION_CONDITIONS = DEBUG;
				SWIFT_OPTIMIZATION_LEVEL = "-Onone";
			};
			name = Debug;
		};
		14BB012B2A47554F00928C38 /* Release */ = {
			isa = XCBuildConfiguration;
			buildSettings = {
				ALWAYS_SEARCH_USER_PATHS = NO;
				CLANG_ANALYZER_NONNULL = YES;
				CLANG_ANALYZER_NUMBER_OBJECT_CONVERSION = YES_AGGRESSIVE;
				CLANG_CXX_LANGUAGE_STANDARD = "gnu++20";
				CLANG_ENABLE_MODULES = YES;
				CLANG_ENABLE_OBJC_ARC = YES;
				CLANG_ENABLE_OBJC_WEAK = YES;
				CLANG_WARN_BLOCK_CAPTURE_AUTORELEASING = YES;
				CLANG_WARN_BOOL_CONVERSION = YES;
				CLANG_WARN_COMMA = YES;
				CLANG_WARN_CONSTANT_CONVERSION = YES;
				CLANG_WARN_DEPRECATED_OBJC_IMPLEMENTATIONS = YES;
				CLANG_WARN_DIRECT_OBJC_ISA_USAGE = YES_ERROR;
				CLANG_WARN_DOCUMENTATION_COMMENTS = YES;
				CLANG_WARN_EMPTY_BODY = YES;
				CLANG_WARN_ENUM_CONVERSION = YES;
				CLANG_WARN_INFINITE_RECURSION = YES;
				CLANG_WARN_INT_CONVERSION = YES;
				CLANG_WARN_NON_LITERAL_NULL_CONVERSION = YES;
				CLANG_WARN_OBJC_IMPLICIT_RETAIN_SELF = YES;
				CLANG_WARN_OBJC_LITERAL_CONVERSION = YES;
				CLANG_WARN_OBJC_ROOT_CLASS = YES_ERROR;
				CLANG_WARN_QUOTED_INCLUDE_IN_FRAMEWORK_HEADER = YES;
				CLANG_WARN_RANGE_LOOP_ANALYSIS = YES;
				CLANG_WARN_STRICT_PROTOTYPES = YES;
				CLANG_WARN_SUSPICIOUS_MOVE = YES;
				CLANG_WARN_UNGUARDED_AVAILABILITY = YES_AGGRESSIVE;
				CLANG_WARN_UNREACHABLE_CODE = YES;
				CLANG_WARN__DUPLICATE_METHOD_MATCH = YES;
				COPY_PHASE_STRIP = NO;
				DEBUG_INFORMATION_FORMAT = "dwarf-with-dsym";
				ENABLE_NS_ASSERTIONS = NO;
				ENABLE_STRICT_OBJC_MSGSEND = YES;
				GCC_C_LANGUAGE_STANDARD = gnu11;
				GCC_NO_COMMON_BLOCKS = YES;
				GCC_WARN_64_TO_32_BIT_CONVERSION = YES;
				GCC_WARN_ABOUT_RETURN_TYPE = YES_ERROR;
				GCC_WARN_UNDECLARED_SELECTOR = YES;
				GCC_WARN_UNINITIALIZED_AUTOS = YES_AGGRESSIVE;
				GCC_WARN_UNUSED_FUNCTION = YES;
				GCC_WARN_UNUSED_VARIABLE = YES;
				IPHONEOS_DEPLOYMENT_TARGET = 16.2;
				MTL_ENABLE_DEBUG_INFO = NO;
				MTL_FAST_MATH = YES;
				SDKROOT = iphoneos;
				SWIFT_COMPILATION_MODE = wholemodule;
				SWIFT_OPTIMIZATION_LEVEL = "-O";
				VALIDATE_PRODUCT = YES;
			};
			name = Release;
		};
		14BB012D2A47554F00928C38 /* Debug */ = {
			isa = XCBuildConfiguration;
			baseConfigurationReference = 6970E84A431B087DA0592E77 /* Pods-NearRestaurant.debug.xcconfig */;
			buildSettings = {
				ASSETCATALOG_COMPILER_APPICON_NAME = AppIcon;
				ASSETCATALOG_COMPILER_GLOBAL_ACCENT_COLOR_NAME = AccentColor;
				CODE_SIGN_STYLE = Automatic;
				CURRENT_PROJECT_VERSION = 1;
				DEVELOPMENT_ASSET_PATHS = "\"NearRestaurant/Preview Content\"";
				DEVELOPMENT_TEAM = Q247WY3MHA;
				ENABLE_PREVIEWS = YES;
				GENERATE_INFOPLIST_FILE = YES;
				INFOPLIST_KEY_UIApplicationSceneManifest_Generation = YES;
				INFOPLIST_KEY_UIApplicationSupportsIndirectInputEvents = YES;
				INFOPLIST_KEY_UILaunchScreen_Generation = YES;
				INFOPLIST_KEY_UISupportedInterfaceOrientations_iPad = "UIInterfaceOrientationPortrait UIInterfaceOrientationPortraitUpsideDown UIInterfaceOrientationLandscapeLeft UIInterfaceOrientationLandscapeRight";
				INFOPLIST_KEY_UISupportedInterfaceOrientations_iPhone = "UIInterfaceOrientationPortrait UIInterfaceOrientationLandscapeLeft UIInterfaceOrientationLandscapeRight";
				LD_RUNPATH_SEARCH_PATHS = (
					"$(inherited)",
					"@executable_path/Frameworks",
				);
				MARKETING_VERSION = 1.0;
				PRODUCT_BUNDLE_IDENTIFIER = com.salmdo.NearRestaurant;
				PRODUCT_NAME = "$(TARGET_NAME)";
				SWIFT_EMIT_LOC_STRINGS = YES;
				SWIFT_VERSION = 5.0;
				TARGETED_DEVICE_FAMILY = "1,2";
			};
			name = Debug;
		};
		14BB012E2A47554F00928C38 /* Release */ = {
			isa = XCBuildConfiguration;
			baseConfigurationReference = 66F153454C82FD887E09C68C /* Pods-NearRestaurant.release.xcconfig */;
			buildSettings = {
				ASSETCATALOG_COMPILER_APPICON_NAME = AppIcon;
				ASSETCATALOG_COMPILER_GLOBAL_ACCENT_COLOR_NAME = AccentColor;
				CODE_SIGN_STYLE = Automatic;
				CURRENT_PROJECT_VERSION = 1;
				DEVELOPMENT_ASSET_PATHS = "\"NearRestaurant/Preview Content\"";
				DEVELOPMENT_TEAM = Q247WY3MHA;
				ENABLE_PREVIEWS = YES;
				GENERATE_INFOPLIST_FILE = YES;
				INFOPLIST_KEY_UIApplicationSceneManifest_Generation = YES;
				INFOPLIST_KEY_UIApplicationSupportsIndirectInputEvents = YES;
				INFOPLIST_KEY_UILaunchScreen_Generation = YES;
				INFOPLIST_KEY_UISupportedInterfaceOrientations_iPad = "UIInterfaceOrientationPortrait UIInterfaceOrientationPortraitUpsideDown UIInterfaceOrientationLandscapeLeft UIInterfaceOrientationLandscapeRight";
				INFOPLIST_KEY_UISupportedInterfaceOrientations_iPhone = "UIInterfaceOrientationPortrait UIInterfaceOrientationLandscapeLeft UIInterfaceOrientationLandscapeRight";
				LD_RUNPATH_SEARCH_PATHS = (
					"$(inherited)",
					"@executable_path/Frameworks",
				);
				MARKETING_VERSION = 1.0;
				PRODUCT_BUNDLE_IDENTIFIER = com.salmdo.NearRestaurant;
				PRODUCT_NAME = "$(TARGET_NAME)";
				SWIFT_EMIT_LOC_STRINGS = YES;
				SWIFT_VERSION = 5.0;
				TARGETED_DEVICE_FAMILY = "1,2";
			};
			name = Release;
		};
/* End XCBuildConfiguration section */

/* Begin XCConfigurationList section */
		1425CFA72A85426A0063ED8D /* Build configuration list for PBXNativeTarget "NearRestaurantUnitTests" */ = {
			isa = XCConfigurationList;
			buildConfigurations = (
				1425CFA52A85426A0063ED8D /* Debug */,
				1425CFA62A85426A0063ED8D /* Release */,
			);
			defaultConfigurationIsVisible = 0;
			defaultConfigurationName = Release;
		};
		14BB01192A47554E00928C38 /* Build configuration list for PBXProject "NearRestaurant" */ = {
			isa = XCConfigurationList;
			buildConfigurations = (
				14BB012A2A47554F00928C38 /* Debug */,
				14BB012B2A47554F00928C38 /* Release */,
			);
			defaultConfigurationIsVisible = 0;
			defaultConfigurationName = Release;
		};
		14BB012C2A47554F00928C38 /* Build configuration list for PBXNativeTarget "NearRestaurant" */ = {
			isa = XCConfigurationList;
			buildConfigurations = (
				14BB012D2A47554F00928C38 /* Debug */,
				14BB012E2A47554F00928C38 /* Release */,
			);
			defaultConfigurationIsVisible = 0;
			defaultConfigurationName = Release;
		};
/* End XCConfigurationList section */
	};
	rootObject = 14BB01162A47554E00928C38 /* Project object */;
}
